// !$*UTF8*$!
{
	archiveVersion = 1;
	classes = {
	};
	objectVersion = 46;
	objects = {

/* Begin PBXBuildFile section */
		F9E843C21D197ADF001124B2 /* main.m in Sources */ = {isa = PBXBuildFile; fileRef = F9E843C11D197ADF001124B2 /* main.m */; };
		F9E843C51D197ADF001124B2 /* AppDelegate.m in Sources */ = {isa = PBXBuildFile; fileRef = F9E843C41D197ADF001124B2 /* AppDelegate.m */; };
		F9E843C81D197ADF001124B2 /* ViewController.m in Sources */ = {isa = PBXBuildFile; fileRef = F9E843C71D197ADF001124B2 /* ViewController.m */; };
		F9E843CB1D197ADF001124B2 /* Main.storyboard in Resources */ = {isa = PBXBuildFile; fileRef = F9E843C91D197ADF001124B2 /* Main.storyboard */; };
		F9E843CD1D197ADF001124B2 /* Assets.xcassets in Resources */ = {isa = PBXBuildFile; fileRef = F9E843CC1D197ADF001124B2 /* Assets.xcassets */; };
		F9E843D01D197ADF001124B2 /* LaunchScreen.storyboard in Resources */ = {isa = PBXBuildFile; fileRef = F9E843CE1D197ADF001124B2 /* LaunchScreen.storyboard */; };
		F9E843DB1D197ADF001124B2 /* __Tests.m in Sources */ = {isa = PBXBuildFile; fileRef = F9E843DA1D197ADF001124B2 /* __Tests.m */; };
		F9E843E61D197ADF001124B2 /* __UITests.m in Sources */ = {isa = PBXBuildFile; fileRef = F9E843E51D197ADF001124B2 /* __UITests.m */; };
/* End PBXBuildFile section */

/* Begin PBXContainerItemProxy section */
		F9E843D71D197ADF001124B2 /* PBXContainerItemProxy */ = {
			isa = PBXContainerItemProxy;
			containerPortal = F9E843B51D197ADF001124B2 /* Project object */;
			proxyType = 1;
			remoteGlobalIDString = F9E843BC1D197ADF001124B2;
			remoteInfo = "微博";
		};
		F9E843E21D197ADF001124B2 /* PBXContainerItemProxy */ = {
			isa = PBXContainerItemProxy;
			containerPortal = F9E843B51D197ADF001124B2 /* Project object */;
			proxyType = 1;
			remoteGlobalIDString = F9E843BC1D197ADF001124B2;
			remoteInfo = "微博";
		};
/* End PBXContainerItemProxy section */

/* Begin PBXFileReference section */
		F9E843BD1D197ADF001124B2 /* 微博.app */ = {isa = PBXFileReference; explicitFileType = wrapper.application; includeInIndex = 0; path = "微博.app"; sourceTree = BUILT_PRODUCTS_DIR; };
		F9E843C11D197ADF001124B2 /* main.m */ = {isa = PBXFileReference; lastKnownFileType = sourcecode.c.objc; path = main.m; sourceTree = "<group>"; };
		F9E843C31D197ADF001124B2 /* AppDelegate.h */ = {isa = PBXFileReference; lastKnownFileType = sourcecode.c.h; path = AppDelegate.h; sourceTree = "<group>"; };
		F9E843C41D197ADF001124B2 /* AppDelegate.m */ = {isa = PBXFileReference; lastKnownFileType = sourcecode.c.objc; path = AppDelegate.m; sourceTree = "<group>"; };
		F9E843C61D197ADF001124B2 /* ViewController.h */ = {isa = PBXFileReference; lastKnownFileType = sourcecode.c.h; path = ViewController.h; sourceTree = "<group>"; };
		F9E843C71D197ADF001124B2 /* ViewController.m */ = {isa = PBXFileReference; lastKnownFileType = sourcecode.c.objc; path = ViewController.m; sourceTree = "<group>"; };
		F9E843CA1D197ADF001124B2 /* Base */ = {isa = PBXFileReference; lastKnownFileType = file.storyboard; name = Base; path = Base.lproj/Main.storyboard; sourceTree = "<group>"; };
		F9E843CC1D197ADF001124B2 /* Assets.xcassets */ = {isa = PBXFileReference; lastKnownFileType = folder.assetcatalog; path = Assets.xcassets; sourceTree = "<group>"; };
		F9E843CF1D197ADF001124B2 /* Base */ = {isa = PBXFileReference; lastKnownFileType = file.storyboard; name = Base; path = Base.lproj/LaunchScreen.storyboard; sourceTree = "<group>"; };
		F9E843D11D197ADF001124B2 /* Info.plist */ = {isa = PBXFileReference; lastKnownFileType = text.plist.xml; path = Info.plist; sourceTree = "<group>"; };
		F9E843D61D197ADF001124B2 /* 微博Tests.xctest */ = {isa = PBXFileReference; explicitFileType = wrapper.cfbundle; includeInIndex = 0; path = "微博Tests.xctest"; sourceTree = BUILT_PRODUCTS_DIR; };
		F9E843DA1D197ADF001124B2 /* __Tests.m */ = {isa = PBXFileReference; lastKnownFileType = sourcecode.c.objc; path = __Tests.m; sourceTree = "<group>"; };
		F9E843DC1D197ADF001124B2 /* Info.plist */ = {isa = PBXFileReference; lastKnownFileType = text.plist.xml; path = Info.plist; sourceTree = "<group>"; };
		F9E843E11D197ADF001124B2 /* 微博UITests.xctest */ = {isa = PBXFileReference; explicitFileType = wrapper.cfbundle; includeInIndex = 0; path = "微博UITests.xctest"; sourceTree = BUILT_PRODUCTS_DIR; };
		F9E843E51D197ADF001124B2 /* __UITests.m */ = {isa = PBXFileReference; lastKnownFileType = sourcecode.c.objc; path = __UITests.m; sourceTree = "<group>"; };
		F9E843E71D197ADF001124B2 /* Info.plist */ = {isa = PBXFileReference; lastKnownFileType = text.plist.xml; path = Info.plist; sourceTree = "<group>"; };
/* End PBXFileReference section */

/* Begin PBXFrameworksBuildPhase section */
		F9E843BA1D197ADF001124B2 /* Frameworks */ = {
			isa = PBXFrameworksBuildPhase;
			buildActionMask = 2147483647;
			files = (
			);
			runOnlyForDeploymentPostprocessing = 0;
		};
		F9E843D31D197ADF001124B2 /* Frameworks */ = {
			isa = PBXFrameworksBuildPhase;
			buildActionMask = 2147483647;
			files = (
			);
			runOnlyForDeploymentPostprocessing = 0;
		};
		F9E843DE1D197ADF001124B2 /* Frameworks */ = {
			isa = PBXFrameworksBuildPhase;
			buildActionMask = 2147483647;
			files = (
			);
			runOnlyForDeploymentPostprocessing = 0;
		};
/* End PBXFrameworksBuildPhase section */

/* Begin PBXGroup section */
		F9E843B41D197ADF001124B2 = {
			isa = PBXGroup;
			children = (
				F9E843BF1D197ADF001124B2 /* 微博 */,
				F9E843D91D197ADF001124B2 /* 微博Tests */,
				F9E843E41D197ADF001124B2 /* 微博UITests */,
				F9E843BE1D197ADF001124B2 /* Products */,
			);
			sourceTree = "<group>";
		};
		F9E843BE1D197ADF001124B2 /* Products */ = {
			isa = PBXGroup;
			children = (
				F9E843BD1D197ADF001124B2 /* 微博.app */,
				F9E843D61D197ADF001124B2 /* 微博Tests.xctest */,
				F9E843E11D197ADF001124B2 /* 微博UITests.xctest */,
			);
			name = Products;
			sourceTree = "<group>";
		};
		F9E843BF1D197ADF001124B2 /* 微博 */ = {
			isa = PBXGroup;
			children = (
				F9E843C31D197ADF001124B2 /* AppDelegate.h */,
				F9E843C41D197ADF001124B2 /* AppDelegate.m */,
				F9E843C61D197ADF001124B2 /* ViewController.h */,
				F9E843C71D197ADF001124B2 /* ViewController.m */,
				F9E843C91D197ADF001124B2 /* Main.storyboard */,
				F9E843CC1D197ADF001124B2 /* Assets.xcassets */,
				F9E843CE1D197ADF001124B2 /* LaunchScreen.storyboard */,
				F9E843D11D197ADF001124B2 /* Info.plist */,
				F9E843C01D197ADF001124B2 /* Supporting Files */,
			);
			path = "微博";
			sourceTree = "<group>";
		};
		F9E843C01D197ADF001124B2 /* Supporting Files */ = {
			isa = PBXGroup;
			children = (
				F9E843C11D197ADF001124B2 /* main.m */,
			);
			name = "Supporting Files";
			sourceTree = "<group>";
		};
		F9E843D91D197ADF001124B2 /* 微博Tests */ = {
			isa = PBXGroup;
			children = (
				F9E843DA1D197ADF001124B2 /* __Tests.m */,
				F9E843DC1D197ADF001124B2 /* Info.plist */,
			);
			path = "微博Tests";
			sourceTree = "<group>";
		};
		F9E843E41D197ADF001124B2 /* 微博UITests */ = {
			isa = PBXGroup;
			children = (
				F9E843E51D197ADF001124B2 /* __UITests.m */,
				F9E843E71D197ADF001124B2 /* Info.plist */,
			);
			path = "微博UITests";
			sourceTree = "<group>";
		};
/* End PBXGroup section */

/* Begin PBXNativeTarget section */
		F9E843BC1D197ADF001124B2 /* 微博 */ = {
			isa = PBXNativeTarget;
			buildConfigurationList = F9E843EA1D197AE0001124B2 /* Build configuration list for PBXNativeTarget "微博" */;
			buildPhases = (
				F9E843B91D197ADF001124B2 /* Sources */,
				F9E843BA1D197ADF001124B2 /* Frameworks */,
				F9E843BB1D197ADF001124B2 /* Resources */,
			);
			buildRules = (
			);
			dependencies = (
			);
			name = "微博";
			productName = "微博";
			productReference = F9E843BD1D197ADF001124B2 /* 微博.app */;
			productType = "com.apple.product-type.application";
		};
		F9E843D51D197ADF001124B2 /* 微博Tests */ = {
			isa = PBXNativeTarget;
			buildConfigurationList = F9E843ED1D197AE0001124B2 /* Build configuration list for PBXNativeTarget "微博Tests" */;
			buildPhases = (
				F9E843D21D197ADF001124B2 /* Sources */,
				F9E843D31D197ADF001124B2 /* Frameworks */,
				F9E843D41D197ADF001124B2 /* Resources */,
			);
			buildRules = (
			);
			dependencies = (
				F9E843D81D197ADF001124B2 /* PBXTargetDependency */,
			);
			name = "微博Tests";
			productName = "微博Tests";
			productReference = F9E843D61D197ADF001124B2 /* 微博Tests.xctest */;
			productType = "com.apple.product-type.bundle.unit-test";
		};
		F9E843E01D197ADF001124B2 /* 微博UITests */ = {
			isa = PBXNativeTarget;
			buildConfigurationList = F9E843F01D197AE0001124B2 /* Build configuration list for PBXNativeTarget "微博UITests" */;
			buildPhases = (
				F9E843DD1D197ADF001124B2 /* Sources */,
				F9E843DE1D197ADF001124B2 /* Frameworks */,
				F9E843DF1D197ADF001124B2 /* Resources */,
			);
			buildRules = (
			);
			dependencies = (
				F9E843E31D197ADF001124B2 /* PBXTargetDependency */,
			);
			name = "微博UITests";
			productName = "微博UITests";
			productReference = F9E843E11D197ADF001124B2 /* 微博UITests.xctest */;
			productType = "com.apple.product-type.bundle.ui-testing";
		};
/* End PBXNativeTarget section */

/* Begin PBXProject section */
		F9E843B51D197ADF001124B2 /* Project object */ = {
			isa = PBXProject;
			attributes = {
				LastUpgradeCheck = 0720;
				ORGANIZATIONNAME = cuit;
				TargetAttributes = {
					F9E843BC1D197ADF001124B2 = {
						CreatedOnToolsVersion = 7.2.1;
						DevelopmentTeam = A44T64982D;
					};
					F9E843D51D197ADF001124B2 = {
						CreatedOnToolsVersion = 7.2.1;
						DevelopmentTeam = A44T64982D;
						TestTargetID = F9E843BC1D197ADF001124B2;
					};
					F9E843E01D197ADF001124B2 = {
						CreatedOnToolsVersion = 7.2.1;
						DevelopmentTeam = A44T64982D;
						TestTargetID = F9E843BC1D197ADF001124B2;
					};
				};
			};
			buildConfigurationList = F9E843B81D197ADF001124B2 /* Build configuration list for PBXProject "微博" */;
			compatibilityVersion = "Xcode 3.2";
			developmentRegion = English;
			hasScannedForEncodings = 0;
			knownRegions = (
				en,
				Base,
			);
			mainGroup = F9E843B41D197ADF001124B2;
			productRefGroup = F9E843BE1D197ADF001124B2 /* Products */;
			projectDirPath = "";
			projectRoot = "";
			targets = (
				F9E843BC1D197ADF001124B2 /* 微博 */,
				F9E843D51D197ADF001124B2 /* 微博Tests */,
				F9E843E01D197ADF001124B2 /* 微博UITests */,
			);
		};
/* End PBXProject section */

/* Begin PBXResourcesBuildPhase section */
		F9E843BB1D197ADF001124B2 /* Resources */ = {
			isa = PBXResourcesBuildPhase;
			buildActionMask = 2147483647;
			files = (
				F9E843D01D197ADF001124B2 /* LaunchScreen.storyboard in Resources */,
				F9E843CD1D197ADF001124B2 /* Assets.xcassets in Resources */,
				F9E843CB1D197ADF001124B2 /* Main.storyboard in Resources */,
			);
			runOnlyForDeploymentPostprocessing = 0;
		};
		F9E843D41D197ADF001124B2 /* Resources */ = {
			isa = PBXResourcesBuildPhase;
			buildActionMask = 2147483647;
			files = (
			);
			runOnlyForDeploymentPostprocessing = 0;
		};
		F9E843DF1D197ADF001124B2 /* Resources */ = {
			isa = PBXResourcesBuildPhase;
			buildActionMask = 2147483647;
			files = (
			);
			runOnlyForDeploymentPostprocessing = 0;
		};
/* End PBXResourcesBuildPhase section */

/* Begin PBXSourcesBuildPhase section */
		F9E843B91D197ADF001124B2 /* Sources */ = {
			isa = PBXSourcesBuildPhase;
			buildActionMask = 2147483647;
			files = (
				F9E843C81D197ADF001124B2 /* ViewController.m in Sources */,
				F9E843C51D197ADF001124B2 /* AppDelegate.m in Sources */,
				F9E843C21D197ADF001124B2 /* main.m in Sources */,
			);
			runOnlyForDeploymentPostprocessing = 0;
		};
		F9E843D21D197ADF001124B2 /* Sources */ = {
			isa = PBXSourcesBuildPhase;
			buildActionMask = 2147483647;
			files = (
				F9E843DB1D197ADF001124B2 /* __Tests.m in Sources */,
			);
			runOnlyForDeploymentPostprocessing = 0;
		};
		F9E843DD1D197ADF001124B2 /* Sources */ = {
			isa = PBXSourcesBuildPhase;
			buildActionMask = 2147483647;
			files = (
				F9E843E61D197ADF001124B2 /* __UITests.m in Sources */,
			);
			runOnlyForDeploymentPostprocessing = 0;
		};
/* End PBXSourcesBuildPhase section */

/* Begin PBXTargetDependency section */
		F9E843D81D197ADF001124B2 /* PBXTargetDependency */ = {
			isa = PBXTargetDependency;
			target = F9E843BC1D197ADF001124B2 /* 微博 */;
			targetProxy = F9E843D71D197ADF001124B2 /* PBXContainerItemProxy */;
		};
		F9E843E31D197ADF001124B2 /* PBXTargetDependency */ = {
			isa = PBXTargetDependency;
			target = F9E843BC1D197ADF001124B2 /* 微博 */;
			targetProxy = F9E843E21D197ADF001124B2 /* PBXContainerItemProxy */;
		};
/* End PBXTargetDependency section */

/* Begin PBXVariantGroup section */
		F9E843C91D197ADF001124B2 /* Main.storyboard */ = {
			isa = PBXVariantGroup;
			children = (
				F9E843CA1D197ADF001124B2 /* Base */,
			);
			name = Main.storyboard;
			sourceTree = "<group>";
		};
		F9E843CE1D197ADF001124B2 /* LaunchScreen.storyboard */ = {
			isa = PBXVariantGroup;
			children = (
				F9E843CF1D197ADF001124B2 /* Base */,
			);
			name = LaunchScreen.storyboard;
			sourceTree = "<group>";
		};
/* End PBXVariantGroup section */

/* Begin XCBuildConfiguration section */
		F9E843E81D197AE0001124B2 /* Debug */ = {
			isa = XCBuildConfiguration;
			buildSettings = {
				ALWAYS_SEARCH_USER_PATHS = NO;
				CLANG_CXX_LANGUAGE_STANDARD = "gnu++0x";
				CLANG_CXX_LIBRARY = "libc++";
				CLANG_ENABLE_MODULES = YES;
				CLANG_ENABLE_OBJC_ARC = YES;
				CLANG_WARN_BOOL_CONVERSION = YES;
				CLANG_WARN_CONSTANT_CONVERSION = YES;
				CLANG_WARN_DIRECT_OBJC_ISA_USAGE = YES_ERROR;
				CLANG_WARN_EMPTY_BODY = YES;
				CLANG_WARN_ENUM_CONVERSION = YES;
				CLANG_WARN_INT_CONVERSION = YES;
				CLANG_WARN_OBJC_ROOT_CLASS = YES_ERROR;
				CLANG_WARN_UNREACHABLE_CODE = YES;
				CLANG_WARN__DUPLICATE_METHOD_MATCH = YES;
				"CODE_SIGN_IDENTITY[sdk=iphoneos*]" = "iPhone Developer";
				COPY_PHASE_STRIP = NO;
				DEBUG_INFORMATION_FORMAT = dwarf;
				ENABLE_STRICT_OBJC_MSGSEND = YES;
				ENABLE_TESTABILITY = YES;
				GCC_C_LANGUAGE_STANDARD = gnu99;
				GCC_DYNAMIC_NO_PIC = NO;
				GCC_NO_COMMON_BLOCKS = YES;
				GCC_OPTIMIZATION_LEVEL = 0;
				GCC_PREPROCESSOR_DEFINITIONS = (
					"DEBUG=1",
					"$(inherited)",
				);
				GCC_WARN_64_TO_32_BIT_CONVERSION = YES;
				GCC_WARN_ABOUT_RETURN_TYPE = YES_ERROR;
				GCC_WARN_UNDECLARED_SELECTOR = YES;
				GCC_WARN_UNINITIALIZED_AUTOS = YES_AGGRESSIVE;
				GCC_WARN_UNUSED_FUNCTION = YES;
				GCC_WARN_UNUSED_VARIABLE = YES;
				IPHONEOS_DEPLOYMENT_TARGET = 9.2;
				MTL_ENABLE_DEBUG_INFO = YES;
				ONLY_ACTIVE_ARCH = YES;
				SDKROOT = iphoneos;
			};
			name = Debug;
		};
		F9E843E91D197AE0001124B2 /* Release */ = {
			isa = XCBuildConfiguration;
			buildSettings = {
				ALWAYS_SEARCH_USER_PATHS = NO;
				CLANG_CXX_LANGUAGE_STANDARD = "gnu++0x";
				CLANG_CXX_LIBRARY = "libc++";
				CLANG_ENABLE_MODULES = YES;
				CLANG_ENABLE_OBJC_ARC = YES;
				CLANG_WARN_BOOL_CONVERSION = YES;
				CLANG_WARN_CONSTANT_CONVERSION = YES;
				CLANG_WARN_DIRECT_OBJC_ISA_USAGE = YES_ERROR;
				CLANG_WARN_EMPTY_BODY = YES;
				CLANG_WARN_ENUM_CONVERSION = YES;
				CLANG_WARN_INT_CONVERSION = YES;
				CLANG_WARN_OBJC_ROOT_CLASS = YES_ERROR;
				CLANG_WARN_UNREACHABLE_CODE = YES;
				CLANG_WARN__DUPLICATE_METHOD_MATCH = YES;
				"CODE_SIGN_IDENTITY[sdk=iphoneos*]" = "iPhone Developer";
				COPY_PHASE_STRIP = NO;
				DEBUG_INFORMATION_FORMAT = "dwarf-with-dsym";
				ENABLE_NS_ASSERTIONS = NO;
				ENABLE_STRICT_OBJC_MSGSEND = YES;
				GCC_C_LANGUAGE_STANDARD = gnu99;
				GCC_NO_COMMON_BLOCKS = YES;
				GCC_WARN_64_TO_32_BIT_CONVERSION = YES;
				GCC_WARN_ABOUT_RETURN_TYPE = YES_ERROR;
				GCC_WARN_UNDECLARED_SELECTOR = YES;
				GCC_WARN_UNINITIALIZED_AUTOS = YES_AGGRESSIVE;
				GCC_WARN_UNUSED_FUNCTION = YES;
				GCC_WARN_UNUSED_VARIABLE = YES;
				IPHONEOS_DEPLOYMENT_TARGET = 9.2;
				MTL_ENABLE_DEBUG_INFO = NO;
				SDKROOT = iphoneos;
				VALIDATE_PRODUCT = YES;
			};
			name = Release;
		};
		F9E843EB1D197AE0001124B2 /* Debug */ = {
			isa = XCBuildConfiguration;
			buildSettings = {
				ASSETCATALOG_COMPILER_APPICON_NAME = AppIcon;
				INFOPLIST_FILE = "微博/Info.plist";
				LD_RUNPATH_SEARCH_PATHS = "$(inherited) @executable_path/Frameworks";
				PRODUCT_BUNDLE_IDENTIFIER = "cn.edu.cuit.--";
				PRODUCT_NAME = "$(TARGET_NAME)";
			};
			name = Debug;
		};
		F9E843EC1D197AE0001124B2 /* Release */ = {
			isa = XCBuildConfiguration;
			buildSettings = {
				ASSETCATALOG_COMPILER_APPICON_NAME = AppIcon;
				INFOPLIST_FILE = "微博/Info.plist";
				LD_RUNPATH_SEARCH_PATHS = "$(inherited) @executable_path/Frameworks";
				PRODUCT_BUNDLE_IDENTIFIER = "cn.edu.cuit.--";
				PRODUCT_NAME = "$(TARGET_NAME)";
			};
			name = Release;
		};
		F9E843EE1D197AE0001124B2 /* Debug */ = {
			isa = XCBuildConfiguration;
			buildSettings = {
				BUNDLE_LOADER = "$(TEST_HOST)";
				INFOPLIST_FILE = "微博Tests/Info.plist";
				LD_RUNPATH_SEARCH_PATHS = "$(inherited) @executable_path/Frameworks @loader_path/Frameworks";
				PRODUCT_BUNDLE_IDENTIFIER = "cn.edu.cuit.--Tests";
				PRODUCT_NAME = "$(TARGET_NAME)";
				TEST_HOST = "$(BUILT_PRODUCTS_DIR)/微博.app/微博";
			};
			name = Debug;
		};
		F9E843EF1D197AE0001124B2 /* Release */ = {
			isa = XCBuildConfiguration;
			buildSettings = {
				BUNDLE_LOADER = "$(TEST_HOST)";
				INFOPLIST_FILE = "微博Tests/Info.plist";
				LD_RUNPATH_SEARCH_PATHS = "$(inherited) @executable_path/Frameworks @loader_path/Frameworks";
				PRODUCT_BUNDLE_IDENTIFIER = "cn.edu.cuit.--Tests";
				PRODUCT_NAME = "$(TARGET_NAME)";
				TEST_HOST = "$(BUILT_PRODUCTS_DIR)/微博.app/微博";
			};
			name = Release;
		};
		F9E843F11D197AE0001124B2 /* Debug */ = {
			isa = XCBuildConfiguration;
			buildSettings = {
				INFOPLIST_FILE = "微博UITests/Info.plist";
				LD_RUNPATH_SEARCH_PATHS = "$(inherited) @executable_path/Frameworks @loader_path/Frameworks";
				PRODUCT_BUNDLE_IDENTIFIER = "cn.edu.cuit.--UITests";
				PRODUCT_NAME = "$(TARGET_NAME)";
				TEST_TARGET_NAME = "微博";
				USES_XCTRUNNER = YES;
			};
			name = Debug;
		};
		F9E843F21D197AE0001124B2 /* Release */ = {
			isa = XCBuildConfiguration;
			buildSettings = {
				INFOPLIST_FILE = "微博UITests/Info.plist";
				LD_RUNPATH_SEARCH_PATHS = "$(inherited) @executable_path/Frameworks @loader_path/Frameworks";
				PRODUCT_BUNDLE_IDENTIFIER = "cn.edu.cuit.--UITests";
				PRODUCT_NAME = "$(TARGET_NAME)";
				TEST_TARGET_NAME = "微博";
				USES_XCTRUNNER = YES;
			};
			name = Release;
		};
/* End XCBuildConfiguration section */

/* Begin XCConfigurationList section */
		F9E843B81D197ADF001124B2 /* Build configuration list for PBXProject "微博" */ = {
			isa = XCConfigurationList;
			buildConfigurations = (
				F9E843E81D197AE0001124B2 /* Debug */,
				F9E843E91D197AE0001124B2 /* Release */,
			);
			defaultConfigurationIsVisible = 0;
			defaultConfigurationName = Release;
		};
		F9E843EA1D197AE0001124B2 /* Build configuration list for PBXNativeTarget "微博" */ = {
			isa = XCConfigurationList;
			buildConfigurations = (
				F9E843EB1D197AE0001124B2 /* Debug */,
				F9E843EC1D197AE0001124B2 /* Release */,
			);
			defaultConfigurationIsVisible = 0;
		};
		F9E843ED1D197AE0001124B2 /* Build configuration list for PBXNativeTarget "微博Tests" */ = {
			isa = XCConfigurationList;
			buildConfigurations = (
				F9E843EE1D197AE0001124B2 /* Debug */,
				F9E843EF1D197AE0001124B2 /* Release */,
			);
			defaultConfigurationIsVisible = 0;
		};
		F9E843F01D197AE0001124B2 /* Build configuration list for PBXNativeTarget "微博UITests" */ = {
			isa = XCConfigurationList;
			buildConfigurations = (
				F9E843F11D197AE0001124B2 /* Debug */,
				F9E843F21D197AE0001124B2 /* Release */,
			);
			defaultConfigurationIsVisible = 0;
		};
/* End XCConfigurationList section */
	};
	rootObject = F9E843B51D197ADF001124B2 /* Project object */;
}
