// !$*UTF8*$!
{
	archiveVersion = 1;
	classes = {
	};
	objectVersion = 46;
	objects = {

/* Begin PBXBuildFile section */
		F918E38A1D92C716001C6D2D /* WBStatusPhotoView.m in Sources */ = {isa = PBXBuildFile; fileRef = F918E3891D92C716001C6D2D /* WBStatusPhotoView.m */; };
		F918E38D1D92C7F5001C6D2D /* WBPhoto.m in Sources */ = {isa = PBXBuildFile; fileRef = F918E38C1D92C7F5001C6D2D /* WBPhoto.m */; };
		F9190E2A1DC5CA8B005EC692 /* PlaceHolderTextView.m in Sources */ = {isa = PBXBuildFile; fileRef = F9190E291DC5CA8B005EC692 /* PlaceHolderTextView.m */; };
		F9190E2E1DC6CCD9005EC692 /* WBComposeToolBar.m in Sources */ = {isa = PBXBuildFile; fileRef = F9190E2D1DC6CCD9005EC692 /* WBComposeToolBar.m */; };
		F928003D1D65490F00A478E3 /* WBLoadMoreFooter.m in Sources */ = {isa = PBXBuildFile; fileRef = F928003C1D65490F00A478E3 /* WBLoadMoreFooter.m */; };
		F928003F1D65493900A478E3 /* WBLoadMoreFooter.xib in Resources */ = {isa = PBXBuildFile; fileRef = F928003E1D65493900A478E3 /* WBLoadMoreFooter.xib */; };
		F9347F451D980AEF00D4EF0F /* WBIconView.m in Sources */ = {isa = PBXBuildFile; fileRef = F9347F441D980AEF00D4EF0F /* WBIconView.m */; };
		F9426A0E1D7DA7D400076C9A /* WBStatusToolbar.m in Sources */ = {isa = PBXBuildFile; fileRef = F9426A0D1D7DA7D400076C9A /* WBStatusToolbar.m */; };
		F945A94D1D5ECABD00785A33 /* Foundation+Log.m in Sources */ = {isa = PBXBuildFile; fileRef = F945A94C1D5ECABD00785A33 /* Foundation+Log.m */; };
		F945A9531D5EFF8200785A33 /* WBTitleButton.m in Sources */ = {isa = PBXBuildFile; fileRef = F945A9521D5EFF8200785A33 /* WBTitleButton.m */; };
		F945A9761D5F4C0200785A33 /* MKAnnotationView+WebCache.m in Sources */ = {isa = PBXBuildFile; fileRef = F945A9561D5F4C0200785A33 /* MKAnnotationView+WebCache.m */; };
		F945A9771D5F4C0200785A33 /* NSData+ImageContentType.m in Sources */ = {isa = PBXBuildFile; fileRef = F945A9581D5F4C0200785A33 /* NSData+ImageContentType.m */; };
		F945A9781D5F4C0200785A33 /* SDImageCache.m in Sources */ = {isa = PBXBuildFile; fileRef = F945A95A1D5F4C0200785A33 /* SDImageCache.m */; };
		F945A9791D5F4C0200785A33 /* SDWebImageCompat.m in Sources */ = {isa = PBXBuildFile; fileRef = F945A95C1D5F4C0200785A33 /* SDWebImageCompat.m */; };
		F945A97A1D5F4C0200785A33 /* SDWebImageDecoder.m in Sources */ = {isa = PBXBuildFile; fileRef = F945A95E1D5F4C0200785A33 /* SDWebImageDecoder.m */; };
		F945A97B1D5F4C0200785A33 /* SDWebImageDownloader.m in Sources */ = {isa = PBXBuildFile; fileRef = F945A9601D5F4C0200785A33 /* SDWebImageDownloader.m */; };
		F945A97C1D5F4C0200785A33 /* SDWebImageDownloaderOperation.m in Sources */ = {isa = PBXBuildFile; fileRef = F945A9621D5F4C0200785A33 /* SDWebImageDownloaderOperation.m */; };
		F945A97D1D5F4C0200785A33 /* SDWebImageManager.m in Sources */ = {isa = PBXBuildFile; fileRef = F945A9641D5F4C0200785A33 /* SDWebImageManager.m */; };
		F945A97E1D5F4C0200785A33 /* SDWebImagePrefetcher.m in Sources */ = {isa = PBXBuildFile; fileRef = F945A9671D5F4C0200785A33 /* SDWebImagePrefetcher.m */; };
		F945A97F1D5F4C0200785A33 /* UIButton+WebCache.m in Sources */ = {isa = PBXBuildFile; fileRef = F945A9691D5F4C0200785A33 /* UIButton+WebCache.m */; };
		F945A9801D5F4C0200785A33 /* UIImage+GIF.m in Sources */ = {isa = PBXBuildFile; fileRef = F945A96B1D5F4C0200785A33 /* UIImage+GIF.m */; };
		F945A9811D5F4C0200785A33 /* UIImage+MultiFormat.m in Sources */ = {isa = PBXBuildFile; fileRef = F945A96D1D5F4C0200785A33 /* UIImage+MultiFormat.m */; };
		F945A9821D5F4C0200785A33 /* UIImage+WebP.m in Sources */ = {isa = PBXBuildFile; fileRef = F945A96F1D5F4C0200785A33 /* UIImage+WebP.m */; };
		F945A9831D5F4C0200785A33 /* UIImageView+HighlightedWebCache.m in Sources */ = {isa = PBXBuildFile; fileRef = F945A9711D5F4C0200785A33 /* UIImageView+HighlightedWebCache.m */; };
		F945A9841D5F4C0200785A33 /* UIImageView+WebCache.m in Sources */ = {isa = PBXBuildFile; fileRef = F945A9731D5F4C0200785A33 /* UIImageView+WebCache.m */; };
		F945A9851D5F4C0200785A33 /* UIView+WebCacheOperation.m in Sources */ = {isa = PBXBuildFile; fileRef = F945A9751D5F4C0200785A33 /* UIView+WebCacheOperation.m */; };
		F945A9881D5F4EE000785A33 /* WBUser.m in Sources */ = {isa = PBXBuildFile; fileRef = F945A9871D5F4EE000785A33 /* WBUser.m */; };
		F945A98B1D5F522B00785A33 /* WBStatus.m in Sources */ = {isa = PBXBuildFile; fileRef = F945A98A1D5F522B00785A33 /* WBStatus.m */; };
		F95128801D58B93000E61C4A /* WBAccountTool.m in Sources */ = {isa = PBXBuildFile; fileRef = F951287F1D58B93000E61C4A /* WBAccountTool.m */; };
		F95AE6C91D36642E00EF30E2 /* ZLDropDownMenu.m in Sources */ = {isa = PBXBuildFile; fileRef = F95AE6C81D36642E00EF30E2 /* ZLDropDownMenu.m */; };
		F95AE6CC1D3667AE00EF30E2 /* WBTitleMenuViewController.m in Sources */ = {isa = PBXBuildFile; fileRef = F95AE6CB1D3667AE00EF30E2 /* WBTitleMenuViewController.m */; };
		F95AE6CF1D36720300EF30E2 /* WBTabBar.m in Sources */ = {isa = PBXBuildFile; fileRef = F95AE6CE1D36720300EF30E2 /* WBTabBar.m */; };
		F9695D071D699DF600303B6A /* WBStatusCell.m in Sources */ = {isa = PBXBuildFile; fileRef = F9695D061D699DF600303B6A /* WBStatusCell.m */; };
		F9695D0A1D69A71800303B6A /* WBStatusFrame.m in Sources */ = {isa = PBXBuildFile; fileRef = F9695D091D69A71800303B6A /* WBStatusFrame.m */; };
		F997001F1D6FAD0B00803B49 /* WBPhotoModel.m in Sources */ = {isa = PBXBuildFile; fileRef = F997001E1D6FAD0B00803B49 /* WBPhotoModel.m */; };
		F9AB68471D5957E2006A4D66 /* UIWindow+Extension.m in Sources */ = {isa = PBXBuildFile; fileRef = F9AB68461D5957E2006A4D66 /* UIWindow+Extension.m */; };
		F9B4AEF91D3A63310089CF45 /* NewFeatureController.m in Sources */ = {isa = PBXBuildFile; fileRef = F9B4AEF81D3A63310089CF45 /* NewFeatureController.m */; };
		F9BC16D11DC590A000623C2E /* ComposeViewController.m in Sources */ = {isa = PBXBuildFile; fileRef = F9BC16D01DC590A000623C2E /* ComposeViewController.m */; };
		F9D75DD81D8D6B3300FB5DBF /* NSDate+Extension.m in Sources */ = {isa = PBXBuildFile; fileRef = F9D75DD71D8D6B3300FB5DBF /* NSDate+Extension.m */; };
		F9D75DDB1D8D757400FB5DBF /* NSString+Extension.m in Sources */ = {isa = PBXBuildFile; fileRef = F9D75DDA1D8D757400FB5DBF /* NSString+Extension.m */; };
		F9D75DDE1D8D7B9D00FB5DBF /* WBStatusPhotosView.m in Sources */ = {isa = PBXBuildFile; fileRef = F9D75DDD1D8D7B9D00FB5DBF /* WBStatusPhotosView.m */; };
		F9DC80051D56D8BB0005FC19 /* WBOAuthViewController.m in Sources */ = {isa = PBXBuildFile; fileRef = F9DC80041D56D8BB0005FC19 /* WBOAuthViewController.m */; };
		F9DC80141D56F2E50005FC19 /* AFHTTPSessionManager.m in Sources */ = {isa = PBXBuildFile; fileRef = F9DC80081D56F2E50005FC19 /* AFHTTPSessionManager.m */; };
		F9DC80151D56F2E50005FC19 /* AFNetworkReachabilityManager.m in Sources */ = {isa = PBXBuildFile; fileRef = F9DC800B1D56F2E50005FC19 /* AFNetworkReachabilityManager.m */; };
		F9DC80161D56F2E50005FC19 /* AFSecurityPolicy.m in Sources */ = {isa = PBXBuildFile; fileRef = F9DC800D1D56F2E50005FC19 /* AFSecurityPolicy.m */; };
		F9DC80171D56F2E50005FC19 /* AFURLRequestSerialization.m in Sources */ = {isa = PBXBuildFile; fileRef = F9DC800F1D56F2E50005FC19 /* AFURLRequestSerialization.m */; };
		F9DC80181D56F2E50005FC19 /* AFURLResponseSerialization.m in Sources */ = {isa = PBXBuildFile; fileRef = F9DC80111D56F2E50005FC19 /* AFURLResponseSerialization.m */; };
		F9DC80191D56F2E50005FC19 /* AFURLSessionManager.m in Sources */ = {isa = PBXBuildFile; fileRef = F9DC80131D56F2E50005FC19 /* AFURLSessionManager.m */; };
		F9DC801E1D5763BD0005FC19 /* WBAccountModel.m in Sources */ = {isa = PBXBuildFile; fileRef = F9DC801D1D5763BD0005FC19 /* WBAccountModel.m */; };
		F9DC80251D5803080005FC19 /* MBProgressHUD+MJ.m in Sources */ = {isa = PBXBuildFile; fileRef = F9DC80211D5803080005FC19 /* MBProgressHUD+MJ.m */; };
		F9DC80261D5803080005FC19 /* MBProgressHUD.bundle in Resources */ = {isa = PBXBuildFile; fileRef = F9DC80221D5803080005FC19 /* MBProgressHUD.bundle */; };
		F9DC80271D5803080005FC19 /* MBProgressHUD.m in Sources */ = {isa = PBXBuildFile; fileRef = F9DC80241D5803080005FC19 /* MBProgressHUD.m */; };
		F9E45F181DCA1F0400155DFC /* WBComposePhotosView.m in Sources */ = {isa = PBXBuildFile; fileRef = F9E45F171DCA1F0400155DFC /* WBComposePhotosView.m */; };
		F9E843C21D197ADF001124B2 /* main.m in Sources */ = {isa = PBXBuildFile; fileRef = F9E843C11D197ADF001124B2 /* main.m */; };
		F9E843CD1D197ADF001124B2 /* Assets.xcassets in Resources */ = {isa = PBXBuildFile; fileRef = F9E843CC1D197ADF001124B2 /* Assets.xcassets */; };
		F9E843D01D197ADF001124B2 /* LaunchScreen.storyboard in Resources */ = {isa = PBXBuildFile; fileRef = F9E843CE1D197ADF001124B2 /* LaunchScreen.storyboard */; };
		F9E843DB1D197ADF001124B2 /* __Tests.m in Sources */ = {isa = PBXBuildFile; fileRef = F9E843DA1D197ADF001124B2 /* __Tests.m */; };
		F9E843E61D197ADF001124B2 /* __UITests.m in Sources */ = {isa = PBXBuildFile; fileRef = F9E843E51D197ADF001124B2 /* __UITests.m */; };
		F9E87FCF1D30F1BD0001662B /* DiscoverViewController.m in Sources */ = {isa = PBXBuildFile; fileRef = F9E87FA21D30F1BD0001662B /* DiscoverViewController.m */; };
		F9E87FD01D30F1BD0001662B /* HomeViewController.m in Sources */ = {isa = PBXBuildFile; fileRef = F9E87FA91D30F1BD0001662B /* HomeViewController.m */; };
		F9E87FD11D30F1BD0001662B /* WBNaigationController.m in Sources */ = {isa = PBXBuildFile; fileRef = F9E87FB11D30F1BD0001662B /* WBNaigationController.m */; };
		F9E87FD21D30F1BD0001662B /* WBTabBarViewController.m in Sources */ = {isa = PBXBuildFile; fileRef = F9E87FB31D30F1BD0001662B /* WBTabBarViewController.m */; };
		F9E87FD31D30F1BD0001662B /* AppDelegate.m in Sources */ = {isa = PBXBuildFile; fileRef = F9E87FB81D30F1BD0001662B /* AppDelegate.m */; };
		F9E87FD41D30F1BD0001662B /* MessagerCenterViewController.m in Sources */ = {isa = PBXBuildFile; fileRef = F9E87FBD1D30F1BD0001662B /* MessagerCenterViewController.m */; };
		F9E87FD51D30F1BD0001662B /* ProfileViewController.m in Sources */ = {isa = PBXBuildFile; fileRef = F9E87FC41D30F1BD0001662B /* ProfileViewController.m */; };
		F9E87FD61D30F1BD0001662B /* Test2ViewController.m in Sources */ = {isa = PBXBuildFile; fileRef = F9E87FCA1D30F1BD0001662B /* Test2ViewController.m */; };
		F9E87FD71D30F1BD0001662B /* Test2ViewController.xib in Resources */ = {isa = PBXBuildFile; fileRef = F9E87FCB1D30F1BD0001662B /* Test2ViewController.xib */; };
		F9E87FD81D30F1BD0001662B /* testViewController.m in Sources */ = {isa = PBXBuildFile; fileRef = F9E87FCD1D30F1BD0001662B /* testViewController.m */; };
		F9E87FD91D30F1BD0001662B /* testViewController.xib in Resources */ = {isa = PBXBuildFile; fileRef = F9E87FCE1D30F1BD0001662B /* testViewController.xib */; };
		F9E87FDC1D30F9980001662B /* UIBarButtonItem+Extension.m in Sources */ = {isa = PBXBuildFile; fileRef = F9E87FDB1D30F9980001662B /* UIBarButtonItem+Extension.m */; };
		F9E87FE11D327FC80001662B /* UIView+Extension.m in Sources */ = {isa = PBXBuildFile; fileRef = F9E87FE01D327FC80001662B /* UIView+Extension.m */; };
		F9E87FE41D32880F0001662B /* SearchBar.m in Sources */ = {isa = PBXBuildFile; fileRef = F9E87FE31D32880F0001662B /* SearchBar.m */; };
		F9F7362D1D5FF01E003C3331 /* MJArgument.m in Sources */ = {isa = PBXBuildFile; fileRef = F9F736171D5FF01E003C3331 /* MJArgument.m */; };
		F9F7362E1D5FF01E003C3331 /* MJConst.m in Sources */ = {isa = PBXBuildFile; fileRef = F9F736191D5FF01E003C3331 /* MJConst.m */; };
		F9F7362F1D5FF01E003C3331 /* MJFoundation.m in Sources */ = {isa = PBXBuildFile; fileRef = F9F7361C1D5FF01E003C3331 /* MJFoundation.m */; };
		F9F736301D5FF01E003C3331 /* MJIvar.m in Sources */ = {isa = PBXBuildFile; fileRef = F9F7361E1D5FF01E003C3331 /* MJIvar.m */; };
		F9F736311D5FF01E003C3331 /* MJMember.m in Sources */ = {isa = PBXBuildFile; fileRef = F9F736201D5FF01E003C3331 /* MJMember.m */; };
		F9F736321D5FF01E003C3331 /* MJMethod.m in Sources */ = {isa = PBXBuildFile; fileRef = F9F736221D5FF01E003C3331 /* MJMethod.m */; };
		F9F736331D5FF01E003C3331 /* MJType.m in Sources */ = {isa = PBXBuildFile; fileRef = F9F736241D5FF01E003C3331 /* MJType.m */; };
		F9F736341D5FF01E003C3331 /* MJTypeEncoding.m in Sources */ = {isa = PBXBuildFile; fileRef = F9F736261D5FF01E003C3331 /* MJTypeEncoding.m */; };
		F9F736351D5FF01E003C3331 /* NSObject+MJCoding.m in Sources */ = {isa = PBXBuildFile; fileRef = F9F736281D5FF01E003C3331 /* NSObject+MJCoding.m */; };
		F9F736361D5FF01E003C3331 /* NSObject+MJKeyValue.m in Sources */ = {isa = PBXBuildFile; fileRef = F9F7362A1D5FF01E003C3331 /* NSObject+MJKeyValue.m */; };
		F9F736371D5FF01E003C3331 /* NSObject+MJMember.m in Sources */ = {isa = PBXBuildFile; fileRef = F9F7362C1D5FF01E003C3331 /* NSObject+MJMember.m */; };
/* End PBXBuildFile section */

/* Begin PBXContainerItemProxy section */
		F9E843D71D197ADF001124B2 /* PBXContainerItemProxy */ = {
			isa = PBXContainerItemProxy;
			containerPortal = F9E843B51D197ADF001124B2 /* Project object */;
			proxyType = 1;
			remoteGlobalIDString = F9E843BC1D197ADF001124B2;
			remoteInfo = "微博";
		};
		F9E843E21D197ADF001124B2 /* PBXContainerItemProxy */ = {
			isa = PBXContainerItemProxy;
			containerPortal = F9E843B51D197ADF001124B2 /* Project object */;
			proxyType = 1;
			remoteGlobalIDString = F9E843BC1D197ADF001124B2;
			remoteInfo = "微博";
		};
/* End PBXContainerItemProxy section */

/* Begin PBXFileReference section */
		F918E3881D92C716001C6D2D /* WBStatusPhotoView.h */ = {isa = PBXFileReference; fileEncoding = 4; lastKnownFileType = sourcecode.c.h; path = WBStatusPhotoView.h; sourceTree = "<group>"; };
		F918E3891D92C716001C6D2D /* WBStatusPhotoView.m */ = {isa = PBXFileReference; fileEncoding = 4; lastKnownFileType = sourcecode.c.objc; path = WBStatusPhotoView.m; sourceTree = "<group>"; };
		F918E38B1D92C7F5001C6D2D /* WBPhoto.h */ = {isa = PBXFileReference; fileEncoding = 4; lastKnownFileType = sourcecode.c.h; path = WBPhoto.h; sourceTree = "<group>"; };
		F918E38C1D92C7F5001C6D2D /* WBPhoto.m */ = {isa = PBXFileReference; fileEncoding = 4; lastKnownFileType = sourcecode.c.objc; path = WBPhoto.m; sourceTree = "<group>"; };
		F9190E281DC5CA8B005EC692 /* PlaceHolderTextView.h */ = {isa = PBXFileReference; fileEncoding = 4; lastKnownFileType = sourcecode.c.h; path = PlaceHolderTextView.h; sourceTree = "<group>"; };
		F9190E291DC5CA8B005EC692 /* PlaceHolderTextView.m */ = {isa = PBXFileReference; fileEncoding = 4; lastKnownFileType = sourcecode.c.objc; path = PlaceHolderTextView.m; sourceTree = "<group>"; };
		F9190E2C1DC6CCD9005EC692 /* WBComposeToolBar.h */ = {isa = PBXFileReference; fileEncoding = 4; lastKnownFileType = sourcecode.c.h; path = WBComposeToolBar.h; sourceTree = "<group>"; };
		F9190E2D1DC6CCD9005EC692 /* WBComposeToolBar.m */ = {isa = PBXFileReference; fileEncoding = 4; lastKnownFileType = sourcecode.c.objc; path = WBComposeToolBar.m; sourceTree = "<group>"; };
		F928003B1D65490F00A478E3 /* WBLoadMoreFooter.h */ = {isa = PBXFileReference; fileEncoding = 4; lastKnownFileType = sourcecode.c.h; path = WBLoadMoreFooter.h; sourceTree = "<group>"; };
		F928003C1D65490F00A478E3 /* WBLoadMoreFooter.m */ = {isa = PBXFileReference; fileEncoding = 4; lastKnownFileType = sourcecode.c.objc; path = WBLoadMoreFooter.m; sourceTree = "<group>"; };
		F928003E1D65493900A478E3 /* WBLoadMoreFooter.xib */ = {isa = PBXFileReference; fileEncoding = 4; lastKnownFileType = file.xib; path = WBLoadMoreFooter.xib; sourceTree = "<group>"; };
		F9347F431D980AEF00D4EF0F /* WBIconView.h */ = {isa = PBXFileReference; fileEncoding = 4; lastKnownFileType = sourcecode.c.h; path = WBIconView.h; sourceTree = "<group>"; };
		F9347F441D980AEF00D4EF0F /* WBIconView.m */ = {isa = PBXFileReference; fileEncoding = 4; lastKnownFileType = sourcecode.c.objc; path = WBIconView.m; sourceTree = "<group>"; };
		F9426A0C1D7DA7D400076C9A /* WBStatusToolbar.h */ = {isa = PBXFileReference; fileEncoding = 4; lastKnownFileType = sourcecode.c.h; path = WBStatusToolbar.h; sourceTree = "<group>"; };
		F9426A0D1D7DA7D400076C9A /* WBStatusToolbar.m */ = {isa = PBXFileReference; fileEncoding = 4; lastKnownFileType = sourcecode.c.objc; path = WBStatusToolbar.m; sourceTree = "<group>"; };
		F945A94C1D5ECABD00785A33 /* Foundation+Log.m */ = {isa = PBXFileReference; fileEncoding = 4; lastKnownFileType = sourcecode.c.objc; path = "Foundation+Log.m"; sourceTree = "<group>"; };
		F945A9511D5EFF8200785A33 /* WBTitleButton.h */ = {isa = PBXFileReference; fileEncoding = 4; lastKnownFileType = sourcecode.c.h; path = WBTitleButton.h; sourceTree = "<group>"; };
		F945A9521D5EFF8200785A33 /* WBTitleButton.m */ = {isa = PBXFileReference; fileEncoding = 4; lastKnownFileType = sourcecode.c.objc; path = WBTitleButton.m; sourceTree = "<group>"; };
		F945A9551D5F4C0200785A33 /* MKAnnotationView+WebCache.h */ = {isa = PBXFileReference; fileEncoding = 4; lastKnownFileType = sourcecode.c.h; path = "MKAnnotationView+WebCache.h"; sourceTree = "<group>"; };
		F945A9561D5F4C0200785A33 /* MKAnnotationView+WebCache.m */ = {isa = PBXFileReference; fileEncoding = 4; lastKnownFileType = sourcecode.c.objc; path = "MKAnnotationView+WebCache.m"; sourceTree = "<group>"; };
		F945A9571D5F4C0200785A33 /* NSData+ImageContentType.h */ = {isa = PBXFileReference; fileEncoding = 4; lastKnownFileType = sourcecode.c.h; path = "NSData+ImageContentType.h"; sourceTree = "<group>"; };
		F945A9581D5F4C0200785A33 /* NSData+ImageContentType.m */ = {isa = PBXFileReference; fileEncoding = 4; lastKnownFileType = sourcecode.c.objc; path = "NSData+ImageContentType.m"; sourceTree = "<group>"; };
		F945A9591D5F4C0200785A33 /* SDImageCache.h */ = {isa = PBXFileReference; fileEncoding = 4; lastKnownFileType = sourcecode.c.h; path = SDImageCache.h; sourceTree = "<group>"; };
		F945A95A1D5F4C0200785A33 /* SDImageCache.m */ = {isa = PBXFileReference; fileEncoding = 4; lastKnownFileType = sourcecode.c.objc; path = SDImageCache.m; sourceTree = "<group>"; };
		F945A95B1D5F4C0200785A33 /* SDWebImageCompat.h */ = {isa = PBXFileReference; fileEncoding = 4; lastKnownFileType = sourcecode.c.h; path = SDWebImageCompat.h; sourceTree = "<group>"; };
		F945A95C1D5F4C0200785A33 /* SDWebImageCompat.m */ = {isa = PBXFileReference; fileEncoding = 4; lastKnownFileType = sourcecode.c.objc; path = SDWebImageCompat.m; sourceTree = "<group>"; };
		F945A95D1D5F4C0200785A33 /* SDWebImageDecoder.h */ = {isa = PBXFileReference; fileEncoding = 4; lastKnownFileType = sourcecode.c.h; path = SDWebImageDecoder.h; sourceTree = "<group>"; };
		F945A95E1D5F4C0200785A33 /* SDWebImageDecoder.m */ = {isa = PBXFileReference; fileEncoding = 4; lastKnownFileType = sourcecode.c.objc; path = SDWebImageDecoder.m; sourceTree = "<group>"; };
		F945A95F1D5F4C0200785A33 /* SDWebImageDownloader.h */ = {isa = PBXFileReference; fileEncoding = 4; lastKnownFileType = sourcecode.c.h; path = SDWebImageDownloader.h; sourceTree = "<group>"; };
		F945A9601D5F4C0200785A33 /* SDWebImageDownloader.m */ = {isa = PBXFileReference; fileEncoding = 4; lastKnownFileType = sourcecode.c.objc; path = SDWebImageDownloader.m; sourceTree = "<group>"; };
		F945A9611D5F4C0200785A33 /* SDWebImageDownloaderOperation.h */ = {isa = PBXFileReference; fileEncoding = 4; lastKnownFileType = sourcecode.c.h; path = SDWebImageDownloaderOperation.h; sourceTree = "<group>"; };
		F945A9621D5F4C0200785A33 /* SDWebImageDownloaderOperation.m */ = {isa = PBXFileReference; fileEncoding = 4; lastKnownFileType = sourcecode.c.objc; path = SDWebImageDownloaderOperation.m; sourceTree = "<group>"; };
		F945A9631D5F4C0200785A33 /* SDWebImageManager.h */ = {isa = PBXFileReference; fileEncoding = 4; lastKnownFileType = sourcecode.c.h; path = SDWebImageManager.h; sourceTree = "<group>"; };
		F945A9641D5F4C0200785A33 /* SDWebImageManager.m */ = {isa = PBXFileReference; fileEncoding = 4; lastKnownFileType = sourcecode.c.objc; path = SDWebImageManager.m; sourceTree = "<group>"; };
		F945A9651D5F4C0200785A33 /* SDWebImageOperation.h */ = {isa = PBXFileReference; fileEncoding = 4; lastKnownFileType = sourcecode.c.h; path = SDWebImageOperation.h; sourceTree = "<group>"; };
		F945A9661D5F4C0200785A33 /* SDWebImagePrefetcher.h */ = {isa = PBXFileReference; fileEncoding = 4; lastKnownFileType = sourcecode.c.h; path = SDWebImagePrefetcher.h; sourceTree = "<group>"; };
		F945A9671D5F4C0200785A33 /* SDWebImagePrefetcher.m */ = {isa = PBXFileReference; fileEncoding = 4; lastKnownFileType = sourcecode.c.objc; path = SDWebImagePrefetcher.m; sourceTree = "<group>"; };
		F945A9681D5F4C0200785A33 /* UIButton+WebCache.h */ = {isa = PBXFileReference; fileEncoding = 4; lastKnownFileType = sourcecode.c.h; path = "UIButton+WebCache.h"; sourceTree = "<group>"; };
		F945A9691D5F4C0200785A33 /* UIButton+WebCache.m */ = {isa = PBXFileReference; fileEncoding = 4; lastKnownFileType = sourcecode.c.objc; path = "UIButton+WebCache.m"; sourceTree = "<group>"; };
		F945A96A1D5F4C0200785A33 /* UIImage+GIF.h */ = {isa = PBXFileReference; fileEncoding = 4; lastKnownFileType = sourcecode.c.h; path = "UIImage+GIF.h"; sourceTree = "<group>"; };
		F945A96B1D5F4C0200785A33 /* UIImage+GIF.m */ = {isa = PBXFileReference; fileEncoding = 4; lastKnownFileType = sourcecode.c.objc; path = "UIImage+GIF.m"; sourceTree = "<group>"; };
		F945A96C1D5F4C0200785A33 /* UIImage+MultiFormat.h */ = {isa = PBXFileReference; fileEncoding = 4; lastKnownFileType = sourcecode.c.h; path = "UIImage+MultiFormat.h"; sourceTree = "<group>"; };
		F945A96D1D5F4C0200785A33 /* UIImage+MultiFormat.m */ = {isa = PBXFileReference; fileEncoding = 4; lastKnownFileType = sourcecode.c.objc; path = "UIImage+MultiFormat.m"; sourceTree = "<group>"; };
		F945A96E1D5F4C0200785A33 /* UIImage+WebP.h */ = {isa = PBXFileReference; fileEncoding = 4; lastKnownFileType = sourcecode.c.h; path = "UIImage+WebP.h"; sourceTree = "<group>"; };
		F945A96F1D5F4C0200785A33 /* UIImage+WebP.m */ = {isa = PBXFileReference; fileEncoding = 4; lastKnownFileType = sourcecode.c.objc; path = "UIImage+WebP.m"; sourceTree = "<group>"; };
		F945A9701D5F4C0200785A33 /* UIImageView+HighlightedWebCache.h */ = {isa = PBXFileReference; fileEncoding = 4; lastKnownFileType = sourcecode.c.h; path = "UIImageView+HighlightedWebCache.h"; sourceTree = "<group>"; };
		F945A9711D5F4C0200785A33 /* UIImageView+HighlightedWebCache.m */ = {isa = PBXFileReference; fileEncoding = 4; lastKnownFileType = sourcecode.c.objc; path = "UIImageView+HighlightedWebCache.m"; sourceTree = "<group>"; };
		F945A9721D5F4C0200785A33 /* UIImageView+WebCache.h */ = {isa = PBXFileReference; fileEncoding = 4; lastKnownFileType = sourcecode.c.h; path = "UIImageView+WebCache.h"; sourceTree = "<group>"; };
		F945A9731D5F4C0200785A33 /* UIImageView+WebCache.m */ = {isa = PBXFileReference; fileEncoding = 4; lastKnownFileType = sourcecode.c.objc; path = "UIImageView+WebCache.m"; sourceTree = "<group>"; };
		F945A9741D5F4C0200785A33 /* UIView+WebCacheOperation.h */ = {isa = PBXFileReference; fileEncoding = 4; lastKnownFileType = sourcecode.c.h; path = "UIView+WebCacheOperation.h"; sourceTree = "<group>"; };
		F945A9751D5F4C0200785A33 /* UIView+WebCacheOperation.m */ = {isa = PBXFileReference; fileEncoding = 4; lastKnownFileType = sourcecode.c.objc; path = "UIView+WebCacheOperation.m"; sourceTree = "<group>"; };
		F945A9861D5F4EE000785A33 /* WBUser.h */ = {isa = PBXFileReference; fileEncoding = 4; lastKnownFileType = sourcecode.c.h; path = WBUser.h; sourceTree = "<group>"; };
		F945A9871D5F4EE000785A33 /* WBUser.m */ = {isa = PBXFileReference; fileEncoding = 4; lastKnownFileType = sourcecode.c.objc; path = WBUser.m; sourceTree = "<group>"; };
		F945A9891D5F522B00785A33 /* WBStatus.h */ = {isa = PBXFileReference; fileEncoding = 4; lastKnownFileType = sourcecode.c.h; path = WBStatus.h; sourceTree = "<group>"; };
		F945A98A1D5F522B00785A33 /* WBStatus.m */ = {isa = PBXFileReference; fileEncoding = 4; lastKnownFileType = sourcecode.c.objc; path = WBStatus.m; sourceTree = "<group>"; };
		F951287E1D58B93000E61C4A /* WBAccountTool.h */ = {isa = PBXFileReference; fileEncoding = 4; lastKnownFileType = sourcecode.c.h; path = WBAccountTool.h; sourceTree = "<group>"; };
		F951287F1D58B93000E61C4A /* WBAccountTool.m */ = {isa = PBXFileReference; fileEncoding = 4; lastKnownFileType = sourcecode.c.objc; path = WBAccountTool.m; sourceTree = "<group>"; };
		F95AE6C71D36642E00EF30E2 /* ZLDropDownMenu.h */ = {isa = PBXFileReference; fileEncoding = 4; lastKnownFileType = sourcecode.c.h; path = ZLDropDownMenu.h; sourceTree = "<group>"; };
		F95AE6C81D36642E00EF30E2 /* ZLDropDownMenu.m */ = {isa = PBXFileReference; fileEncoding = 4; lastKnownFileType = sourcecode.c.objc; path = ZLDropDownMenu.m; sourceTree = "<group>"; };
		F95AE6CA1D3667AE00EF30E2 /* WBTitleMenuViewController.h */ = {isa = PBXFileReference; fileEncoding = 4; lastKnownFileType = sourcecode.c.h; path = WBTitleMenuViewController.h; sourceTree = "<group>"; };
		F95AE6CB1D3667AE00EF30E2 /* WBTitleMenuViewController.m */ = {isa = PBXFileReference; fileEncoding = 4; lastKnownFileType = sourcecode.c.objc; path = WBTitleMenuViewController.m; sourceTree = "<group>"; };
		F95AE6CD1D36720300EF30E2 /* WBTabBar.h */ = {isa = PBXFileReference; fileEncoding = 4; lastKnownFileType = sourcecode.c.h; path = WBTabBar.h; sourceTree = "<group>"; };
		F95AE6CE1D36720300EF30E2 /* WBTabBar.m */ = {isa = PBXFileReference; fileEncoding = 4; lastKnownFileType = sourcecode.c.objc; path = WBTabBar.m; sourceTree = "<group>"; };
		F9695D051D699DF600303B6A /* WBStatusCell.h */ = {isa = PBXFileReference; fileEncoding = 4; lastKnownFileType = sourcecode.c.h; path = WBStatusCell.h; sourceTree = "<group>"; };
		F9695D061D699DF600303B6A /* WBStatusCell.m */ = {isa = PBXFileReference; fileEncoding = 4; lastKnownFileType = sourcecode.c.objc; path = WBStatusCell.m; sourceTree = "<group>"; };
		F9695D081D69A71800303B6A /* WBStatusFrame.h */ = {isa = PBXFileReference; fileEncoding = 4; lastKnownFileType = sourcecode.c.h; path = WBStatusFrame.h; sourceTree = "<group>"; };
		F9695D091D69A71800303B6A /* WBStatusFrame.m */ = {isa = PBXFileReference; fileEncoding = 4; lastKnownFileType = sourcecode.c.objc; path = WBStatusFrame.m; sourceTree = "<group>"; };
		F997001D1D6FAD0B00803B49 /* WBPhotoModel.h */ = {isa = PBXFileReference; fileEncoding = 4; lastKnownFileType = sourcecode.c.h; path = WBPhotoModel.h; sourceTree = "<group>"; };
		F997001E1D6FAD0B00803B49 /* WBPhotoModel.m */ = {isa = PBXFileReference; fileEncoding = 4; lastKnownFileType = sourcecode.c.objc; path = WBPhotoModel.m; sourceTree = "<group>"; };
		F9AB68451D5957E2006A4D66 /* UIWindow+Extension.h */ = {isa = PBXFileReference; fileEncoding = 4; lastKnownFileType = sourcecode.c.h; path = "UIWindow+Extension.h"; sourceTree = "<group>"; };
		F9AB68461D5957E2006A4D66 /* UIWindow+Extension.m */ = {isa = PBXFileReference; fileEncoding = 4; lastKnownFileType = sourcecode.c.objc; path = "UIWindow+Extension.m"; sourceTree = "<group>"; };
		F9B4AEF71D3A63310089CF45 /* NewFeatureController.h */ = {isa = PBXFileReference; fileEncoding = 4; lastKnownFileType = sourcecode.c.h; path = NewFeatureController.h; sourceTree = "<group>"; };
		F9B4AEF81D3A63310089CF45 /* NewFeatureController.m */ = {isa = PBXFileReference; fileEncoding = 4; lastKnownFileType = sourcecode.c.objc; path = NewFeatureController.m; sourceTree = "<group>"; };
		F9BC16CF1DC590A000623C2E /* ComposeViewController.h */ = {isa = PBXFileReference; fileEncoding = 4; lastKnownFileType = sourcecode.c.h; path = ComposeViewController.h; sourceTree = "<group>"; };
		F9BC16D01DC590A000623C2E /* ComposeViewController.m */ = {isa = PBXFileReference; fileEncoding = 4; lastKnownFileType = sourcecode.c.objc; path = ComposeViewController.m; sourceTree = "<group>"; };
		F9D75DD61D8D6B3300FB5DBF /* NSDate+Extension.h */ = {isa = PBXFileReference; fileEncoding = 4; lastKnownFileType = sourcecode.c.h; path = "NSDate+Extension.h"; sourceTree = "<group>"; };
		F9D75DD71D8D6B3300FB5DBF /* NSDate+Extension.m */ = {isa = PBXFileReference; fileEncoding = 4; lastKnownFileType = sourcecode.c.objc; path = "NSDate+Extension.m"; sourceTree = "<group>"; };
		F9D75DD91D8D757400FB5DBF /* NSString+Extension.h */ = {isa = PBXFileReference; fileEncoding = 4; lastKnownFileType = sourcecode.c.h; path = "NSString+Extension.h"; sourceTree = "<group>"; };
		F9D75DDA1D8D757400FB5DBF /* NSString+Extension.m */ = {isa = PBXFileReference; fileEncoding = 4; lastKnownFileType = sourcecode.c.objc; path = "NSString+Extension.m"; sourceTree = "<group>"; };
		F9D75DDC1D8D7B9D00FB5DBF /* WBStatusPhotosView.h */ = {isa = PBXFileReference; fileEncoding = 4; lastKnownFileType = sourcecode.c.h; path = WBStatusPhotosView.h; sourceTree = "<group>"; };
		F9D75DDD1D8D7B9D00FB5DBF /* WBStatusPhotosView.m */ = {isa = PBXFileReference; fileEncoding = 4; lastKnownFileType = sourcecode.c.objc; path = WBStatusPhotosView.m; sourceTree = "<group>"; };
		F9DC80031D56D8BB0005FC19 /* WBOAuthViewController.h */ = {isa = PBXFileReference; fileEncoding = 4; lastKnownFileType = sourcecode.c.h; name = WBOAuthViewController.h; path = "微博/Classes/OAuth授权/Controller/WBOAuthViewController.h"; sourceTree = SOURCE_ROOT; };
		F9DC80041D56D8BB0005FC19 /* WBOAuthViewController.m */ = {isa = PBXFileReference; fileEncoding = 4; lastKnownFileType = sourcecode.c.objc; name = WBOAuthViewController.m; path = "微博/Classes/OAuth授权/Controller/WBOAuthViewController.m"; sourceTree = SOURCE_ROOT; };
		F9DC80071D56F2E50005FC19 /* AFHTTPSessionManager.h */ = {isa = PBXFileReference; fileEncoding = 4; lastKnownFileType = sourcecode.c.h; path = AFHTTPSessionManager.h; sourceTree = "<group>"; };
		F9DC80081D56F2E50005FC19 /* AFHTTPSessionManager.m */ = {isa = PBXFileReference; fileEncoding = 4; lastKnownFileType = sourcecode.c.objc; path = AFHTTPSessionManager.m; sourceTree = "<group>"; };
		F9DC80091D56F2E50005FC19 /* AFNetworking.h */ = {isa = PBXFileReference; fileEncoding = 4; lastKnownFileType = sourcecode.c.h; path = AFNetworking.h; sourceTree = "<group>"; };
		F9DC800A1D56F2E50005FC19 /* AFNetworkReachabilityManager.h */ = {isa = PBXFileReference; fileEncoding = 4; lastKnownFileType = sourcecode.c.h; path = AFNetworkReachabilityManager.h; sourceTree = "<group>"; };
		F9DC800B1D56F2E50005FC19 /* AFNetworkReachabilityManager.m */ = {isa = PBXFileReference; fileEncoding = 4; lastKnownFileType = sourcecode.c.objc; path = AFNetworkReachabilityManager.m; sourceTree = "<group>"; };
		F9DC800C1D56F2E50005FC19 /* AFSecurityPolicy.h */ = {isa = PBXFileReference; fileEncoding = 4; lastKnownFileType = sourcecode.c.h; path = AFSecurityPolicy.h; sourceTree = "<group>"; };
		F9DC800D1D56F2E50005FC19 /* AFSecurityPolicy.m */ = {isa = PBXFileReference; fileEncoding = 4; lastKnownFileType = sourcecode.c.objc; path = AFSecurityPolicy.m; sourceTree = "<group>"; };
		F9DC800E1D56F2E50005FC19 /* AFURLRequestSerialization.h */ = {isa = PBXFileReference; fileEncoding = 4; lastKnownFileType = sourcecode.c.h; path = AFURLRequestSerialization.h; sourceTree = "<group>"; };
		F9DC800F1D56F2E50005FC19 /* AFURLRequestSerialization.m */ = {isa = PBXFileReference; fileEncoding = 4; lastKnownFileType = sourcecode.c.objc; path = AFURLRequestSerialization.m; sourceTree = "<group>"; };
		F9DC80101D56F2E50005FC19 /* AFURLResponseSerialization.h */ = {isa = PBXFileReference; fileEncoding = 4; lastKnownFileType = sourcecode.c.h; path = AFURLResponseSerialization.h; sourceTree = "<group>"; };
		F9DC80111D56F2E50005FC19 /* AFURLResponseSerialization.m */ = {isa = PBXFileReference; fileEncoding = 4; lastKnownFileType = sourcecode.c.objc; path = AFURLResponseSerialization.m; sourceTree = "<group>"; };
		F9DC80121D56F2E50005FC19 /* AFURLSessionManager.h */ = {isa = PBXFileReference; fileEncoding = 4; lastKnownFileType = sourcecode.c.h; path = AFURLSessionManager.h; sourceTree = "<group>"; };
		F9DC80131D56F2E50005FC19 /* AFURLSessionManager.m */ = {isa = PBXFileReference; fileEncoding = 4; lastKnownFileType = sourcecode.c.objc; path = AFURLSessionManager.m; sourceTree = "<group>"; };
		F9DC801A1D5700E60005FC19 /* OAuthResponserData.h */ = {isa = PBXFileReference; fileEncoding = 4; lastKnownFileType = sourcecode.c.h; path = OAuthResponserData.h; sourceTree = "<group>"; };
		F9DC801C1D5763BD0005FC19 /* WBAccountModel.h */ = {isa = PBXFileReference; fileEncoding = 4; lastKnownFileType = sourcecode.c.h; name = WBAccountModel.h; path = "微博/Classes/OAuth授权/Model/WBAccountModel.h"; sourceTree = SOURCE_ROOT; };
		F9DC801D1D5763BD0005FC19 /* WBAccountModel.m */ = {isa = PBXFileReference; fileEncoding = 4; lastKnownFileType = sourcecode.c.objc; name = WBAccountModel.m; path = "微博/Classes/OAuth授权/Model/WBAccountModel.m"; sourceTree = SOURCE_ROOT; };
		F9DC80201D5803080005FC19 /* MBProgressHUD+MJ.h */ = {isa = PBXFileReference; fileEncoding = 4; lastKnownFileType = sourcecode.c.h; path = "MBProgressHUD+MJ.h"; sourceTree = "<group>"; };
		F9DC80211D5803080005FC19 /* MBProgressHUD+MJ.m */ = {isa = PBXFileReference; fileEncoding = 4; lastKnownFileType = sourcecode.c.objc; path = "MBProgressHUD+MJ.m"; sourceTree = "<group>"; };
		F9DC80221D5803080005FC19 /* MBProgressHUD.bundle */ = {isa = PBXFileReference; lastKnownFileType = "wrapper.plug-in"; path = MBProgressHUD.bundle; sourceTree = "<group>"; };
		F9DC80231D5803080005FC19 /* MBProgressHUD.h */ = {isa = PBXFileReference; fileEncoding = 4; lastKnownFileType = sourcecode.c.h; path = MBProgressHUD.h; sourceTree = "<group>"; };
		F9DC80241D5803080005FC19 /* MBProgressHUD.m */ = {isa = PBXFileReference; fileEncoding = 4; lastKnownFileType = sourcecode.c.objc; path = MBProgressHUD.m; sourceTree = "<group>"; };
		F9E45F161DCA1F0400155DFC /* WBComposePhotosView.h */ = {isa = PBXFileReference; fileEncoding = 4; lastKnownFileType = sourcecode.c.h; path = WBComposePhotosView.h; sourceTree = "<group>"; };
		F9E45F171DCA1F0400155DFC /* WBComposePhotosView.m */ = {isa = PBXFileReference; fileEncoding = 4; lastKnownFileType = sourcecode.c.objc; path = WBComposePhotosView.m; sourceTree = "<group>"; };
		F9E843BD1D197ADF001124B2 /* 微博.app */ = {isa = PBXFileReference; explicitFileType = wrapper.application; includeInIndex = 0; path = "微博.app"; sourceTree = BUILT_PRODUCTS_DIR; };
		F9E843C11D197ADF001124B2 /* main.m */ = {isa = PBXFileReference; lastKnownFileType = sourcecode.c.objc; path = main.m; sourceTree = "<group>"; };
		F9E843CC1D197ADF001124B2 /* Assets.xcassets */ = {isa = PBXFileReference; lastKnownFileType = folder.assetcatalog; path = Assets.xcassets; sourceTree = "<group>"; };
		F9E843CF1D197ADF001124B2 /* Base */ = {isa = PBXFileReference; lastKnownFileType = file.storyboard; name = Base; path = Base.lproj/LaunchScreen.storyboard; sourceTree = "<group>"; };
		F9E843D11D197ADF001124B2 /* Info.plist */ = {isa = PBXFileReference; lastKnownFileType = text.plist.xml; path = Info.plist; sourceTree = "<group>"; };
		F9E843D61D197ADF001124B2 /* 微博Tests.xctest */ = {isa = PBXFileReference; explicitFileType = wrapper.cfbundle; includeInIndex = 0; path = "微博Tests.xctest"; sourceTree = BUILT_PRODUCTS_DIR; };
		F9E843DA1D197ADF001124B2 /* __Tests.m */ = {isa = PBXFileReference; lastKnownFileType = sourcecode.c.objc; path = __Tests.m; sourceTree = "<group>"; };
		F9E843DC1D197ADF001124B2 /* Info.plist */ = {isa = PBXFileReference; lastKnownFileType = text.plist.xml; path = Info.plist; sourceTree = "<group>"; };
		F9E843E11D197ADF001124B2 /* 微博UITests.xctest */ = {isa = PBXFileReference; explicitFileType = wrapper.cfbundle; includeInIndex = 0; path = "微博UITests.xctest"; sourceTree = BUILT_PRODUCTS_DIR; };
		F9E843E51D197ADF001124B2 /* __UITests.m */ = {isa = PBXFileReference; lastKnownFileType = sourcecode.c.objc; path = __UITests.m; sourceTree = "<group>"; };
		F9E843E71D197ADF001124B2 /* Info.plist */ = {isa = PBXFileReference; lastKnownFileType = text.plist.xml; path = Info.plist; sourceTree = "<group>"; };
		F9E87FA11D30F1BD0001662B /* DiscoverViewController.h */ = {isa = PBXFileReference; fileEncoding = 4; lastKnownFileType = sourcecode.c.h; path = DiscoverViewController.h; sourceTree = "<group>"; };
		F9E87FA21D30F1BD0001662B /* DiscoverViewController.m */ = {isa = PBXFileReference; fileEncoding = 4; lastKnownFileType = sourcecode.c.objc; path = DiscoverViewController.m; sourceTree = "<group>"; };
		F9E87FA81D30F1BD0001662B /* HomeViewController.h */ = {isa = PBXFileReference; fileEncoding = 4; lastKnownFileType = sourcecode.c.h; path = HomeViewController.h; sourceTree = "<group>"; };
		F9E87FA91D30F1BD0001662B /* HomeViewController.m */ = {isa = PBXFileReference; fileEncoding = 4; lastKnownFileType = sourcecode.c.objc; path = HomeViewController.m; sourceTree = "<group>"; };
		F9E87FB01D30F1BD0001662B /* WBNaigationController.h */ = {isa = PBXFileReference; fileEncoding = 4; lastKnownFileType = sourcecode.c.h; path = WBNaigationController.h; sourceTree = "<group>"; };
		F9E87FB11D30F1BD0001662B /* WBNaigationController.m */ = {isa = PBXFileReference; fileEncoding = 4; lastKnownFileType = sourcecode.c.objc; path = WBNaigationController.m; sourceTree = "<group>"; };
		F9E87FB21D30F1BD0001662B /* WBTabBarViewController.h */ = {isa = PBXFileReference; fileEncoding = 4; lastKnownFileType = sourcecode.c.h; path = WBTabBarViewController.h; sourceTree = "<group>"; };
		F9E87FB31D30F1BD0001662B /* WBTabBarViewController.m */ = {isa = PBXFileReference; fileEncoding = 4; lastKnownFileType = sourcecode.c.objc; path = WBTabBarViewController.m; sourceTree = "<group>"; };
		F9E87FB71D30F1BD0001662B /* AppDelegate.h */ = {isa = PBXFileReference; fileEncoding = 4; lastKnownFileType = sourcecode.c.h; path = AppDelegate.h; sourceTree = "<group>"; };
		F9E87FB81D30F1BD0001662B /* AppDelegate.m */ = {isa = PBXFileReference; fileEncoding = 4; lastKnownFileType = sourcecode.c.objc; path = AppDelegate.m; sourceTree = "<group>"; };
		F9E87FBC1D30F1BD0001662B /* MessagerCenterViewController.h */ = {isa = PBXFileReference; fileEncoding = 4; lastKnownFileType = sourcecode.c.h; path = MessagerCenterViewController.h; sourceTree = "<group>"; };
		F9E87FBD1D30F1BD0001662B /* MessagerCenterViewController.m */ = {isa = PBXFileReference; fileEncoding = 4; lastKnownFileType = sourcecode.c.objc; path = MessagerCenterViewController.m; sourceTree = "<group>"; };
		F9E87FC31D30F1BD0001662B /* ProfileViewController.h */ = {isa = PBXFileReference; fileEncoding = 4; lastKnownFileType = sourcecode.c.h; path = ProfileViewController.h; sourceTree = "<group>"; };
		F9E87FC41D30F1BD0001662B /* ProfileViewController.m */ = {isa = PBXFileReference; fileEncoding = 4; lastKnownFileType = sourcecode.c.objc; path = ProfileViewController.m; sourceTree = "<group>"; };
		F9E87FC91D30F1BD0001662B /* Test2ViewController.h */ = {isa = PBXFileReference; fileEncoding = 4; lastKnownFileType = sourcecode.c.h; path = Test2ViewController.h; sourceTree = "<group>"; };
		F9E87FCA1D30F1BD0001662B /* Test2ViewController.m */ = {isa = PBXFileReference; fileEncoding = 4; lastKnownFileType = sourcecode.c.objc; path = Test2ViewController.m; sourceTree = "<group>"; };
		F9E87FCB1D30F1BD0001662B /* Test2ViewController.xib */ = {isa = PBXFileReference; fileEncoding = 4; lastKnownFileType = file.xib; path = Test2ViewController.xib; sourceTree = "<group>"; };
		F9E87FCC1D30F1BD0001662B /* testViewController.h */ = {isa = PBXFileReference; fileEncoding = 4; lastKnownFileType = sourcecode.c.h; path = testViewController.h; sourceTree = "<group>"; };
		F9E87FCD1D30F1BD0001662B /* testViewController.m */ = {isa = PBXFileReference; fileEncoding = 4; lastKnownFileType = sourcecode.c.objc; path = testViewController.m; sourceTree = "<group>"; };
		F9E87FCE1D30F1BD0001662B /* testViewController.xib */ = {isa = PBXFileReference; fileEncoding = 4; lastKnownFileType = file.xib; path = testViewController.xib; sourceTree = "<group>"; };
		F9E87FDA1D30F9980001662B /* UIBarButtonItem+Extension.h */ = {isa = PBXFileReference; fileEncoding = 4; lastKnownFileType = sourcecode.c.h; path = "UIBarButtonItem+Extension.h"; sourceTree = "<group>"; };
		F9E87FDB1D30F9980001662B /* UIBarButtonItem+Extension.m */ = {isa = PBXFileReference; fileEncoding = 4; lastKnownFileType = sourcecode.c.objc; path = "UIBarButtonItem+Extension.m"; sourceTree = "<group>"; };
		F9E87FDE1D32360C0001662B /* WBPrefix.pch */ = {isa = PBXFileReference; lastKnownFileType = sourcecode.c.h; path = WBPrefix.pch; sourceTree = "<group>"; };
		F9E87FDF1D327FC80001662B /* UIView+Extension.h */ = {isa = PBXFileReference; fileEncoding = 4; lastKnownFileType = sourcecode.c.h; path = "UIView+Extension.h"; sourceTree = "<group>"; };
		F9E87FE01D327FC80001662B /* UIView+Extension.m */ = {isa = PBXFileReference; fileEncoding = 4; lastKnownFileType = sourcecode.c.objc; path = "UIView+Extension.m"; sourceTree = "<group>"; };
		F9E87FE21D32880F0001662B /* SearchBar.h */ = {isa = PBXFileReference; fileEncoding = 4; lastKnownFileType = sourcecode.c.h; path = SearchBar.h; sourceTree = "<group>"; };
		F9E87FE31D32880F0001662B /* SearchBar.m */ = {isa = PBXFileReference; fileEncoding = 4; lastKnownFileType = sourcecode.c.objc; path = SearchBar.m; sourceTree = "<group>"; };
		F9F736161D5FF01E003C3331 /* MJArgument.h */ = {isa = PBXFileReference; fileEncoding = 4; lastKnownFileType = sourcecode.c.h; path = MJArgument.h; sourceTree = "<group>"; };
		F9F736171D5FF01E003C3331 /* MJArgument.m */ = {isa = PBXFileReference; fileEncoding = 4; lastKnownFileType = sourcecode.c.objc; path = MJArgument.m; sourceTree = "<group>"; };
		F9F736181D5FF01E003C3331 /* MJConst.h */ = {isa = PBXFileReference; fileEncoding = 4; lastKnownFileType = sourcecode.c.h; path = MJConst.h; sourceTree = "<group>"; };
		F9F736191D5FF01E003C3331 /* MJConst.m */ = {isa = PBXFileReference; fileEncoding = 4; lastKnownFileType = sourcecode.c.objc; path = MJConst.m; sourceTree = "<group>"; };
		F9F7361A1D5FF01E003C3331 /* MJExtension.h */ = {isa = PBXFileReference; fileEncoding = 4; lastKnownFileType = sourcecode.c.h; path = MJExtension.h; sourceTree = "<group>"; };
		F9F7361B1D5FF01E003C3331 /* MJFoundation.h */ = {isa = PBXFileReference; fileEncoding = 4; lastKnownFileType = sourcecode.c.h; path = MJFoundation.h; sourceTree = "<group>"; };
		F9F7361C1D5FF01E003C3331 /* MJFoundation.m */ = {isa = PBXFileReference; fileEncoding = 4; lastKnownFileType = sourcecode.c.objc; path = MJFoundation.m; sourceTree = "<group>"; };
		F9F7361D1D5FF01E003C3331 /* MJIvar.h */ = {isa = PBXFileReference; fileEncoding = 4; lastKnownFileType = sourcecode.c.h; path = MJIvar.h; sourceTree = "<group>"; };
		F9F7361E1D5FF01E003C3331 /* MJIvar.m */ = {isa = PBXFileReference; fileEncoding = 4; lastKnownFileType = sourcecode.c.objc; path = MJIvar.m; sourceTree = "<group>"; };
		F9F7361F1D5FF01E003C3331 /* MJMember.h */ = {isa = PBXFileReference; fileEncoding = 4; lastKnownFileType = sourcecode.c.h; path = MJMember.h; sourceTree = "<group>"; };
		F9F736201D5FF01E003C3331 /* MJMember.m */ = {isa = PBXFileReference; fileEncoding = 4; lastKnownFileType = sourcecode.c.objc; path = MJMember.m; sourceTree = "<group>"; };
		F9F736211D5FF01E003C3331 /* MJMethod.h */ = {isa = PBXFileReference; fileEncoding = 4; lastKnownFileType = sourcecode.c.h; path = MJMethod.h; sourceTree = "<group>"; };
		F9F736221D5FF01E003C3331 /* MJMethod.m */ = {isa = PBXFileReference; fileEncoding = 4; lastKnownFileType = sourcecode.c.objc; path = MJMethod.m; sourceTree = "<group>"; };
		F9F736231D5FF01E003C3331 /* MJType.h */ = {isa = PBXFileReference; fileEncoding = 4; lastKnownFileType = sourcecode.c.h; path = MJType.h; sourceTree = "<group>"; };
		F9F736241D5FF01E003C3331 /* MJType.m */ = {isa = PBXFileReference; fileEncoding = 4; lastKnownFileType = sourcecode.c.objc; path = MJType.m; sourceTree = "<group>"; };
		F9F736251D5FF01E003C3331 /* MJTypeEncoding.h */ = {isa = PBXFileReference; fileEncoding = 4; lastKnownFileType = sourcecode.c.h; path = MJTypeEncoding.h; sourceTree = "<group>"; };
		F9F736261D5FF01E003C3331 /* MJTypeEncoding.m */ = {isa = PBXFileReference; fileEncoding = 4; lastKnownFileType = sourcecode.c.objc; path = MJTypeEncoding.m; sourceTree = "<group>"; };
		F9F736271D5FF01E003C3331 /* NSObject+MJCoding.h */ = {isa = PBXFileReference; fileEncoding = 4; lastKnownFileType = sourcecode.c.h; path = "NSObject+MJCoding.h"; sourceTree = "<group>"; };
		F9F736281D5FF01E003C3331 /* NSObject+MJCoding.m */ = {isa = PBXFileReference; fileEncoding = 4; lastKnownFileType = sourcecode.c.objc; path = "NSObject+MJCoding.m"; sourceTree = "<group>"; };
		F9F736291D5FF01E003C3331 /* NSObject+MJKeyValue.h */ = {isa = PBXFileReference; fileEncoding = 4; lastKnownFileType = sourcecode.c.h; path = "NSObject+MJKeyValue.h"; sourceTree = "<group>"; };
		F9F7362A1D5FF01E003C3331 /* NSObject+MJKeyValue.m */ = {isa = PBXFileReference; fileEncoding = 4; lastKnownFileType = sourcecode.c.objc; path = "NSObject+MJKeyValue.m"; sourceTree = "<group>"; };
		F9F7362B1D5FF01E003C3331 /* NSObject+MJMember.h */ = {isa = PBXFileReference; fileEncoding = 4; lastKnownFileType = sourcecode.c.h; path = "NSObject+MJMember.h"; sourceTree = "<group>"; };
		F9F7362C1D5FF01E003C3331 /* NSObject+MJMember.m */ = {isa = PBXFileReference; fileEncoding = 4; lastKnownFileType = sourcecode.c.objc; path = "NSObject+MJMember.m"; sourceTree = "<group>"; };
/* End PBXFileReference section */

/* Begin PBXFrameworksBuildPhase section */
		F9E843BA1D197ADF001124B2 /* Frameworks */ = {
			isa = PBXFrameworksBuildPhase;
			buildActionMask = 2147483647;
			files = (
			);
			runOnlyForDeploymentPostprocessing = 0;
		};
		F9E843D31D197ADF001124B2 /* Frameworks */ = {
			isa = PBXFrameworksBuildPhase;
			buildActionMask = 2147483647;
			files = (
			);
			runOnlyForDeploymentPostprocessing = 0;
		};
		F9E843DE1D197ADF001124B2 /* Frameworks */ = {
			isa = PBXFrameworksBuildPhase;
			buildActionMask = 2147483647;
			files = (
			);
			runOnlyForDeploymentPostprocessing = 0;
		};
/* End PBXFrameworksBuildPhase section */

/* Begin PBXGroup section */
		F9190E2B1DC6CCA9005EC692 /* View */ = {
			isa = PBXGroup;
			children = (
				F9190E2C1DC6CCD9005EC692 /* WBComposeToolBar.h */,
				F9190E2D1DC6CCD9005EC692 /* WBComposeToolBar.m */,
				F9E45F161DCA1F0400155DFC /* WBComposePhotosView.h */,
				F9E45F171DCA1F0400155DFC /* WBComposePhotosView.m */,
			);
			path = View;
			sourceTree = "<group>";
		};
		F945A9541D5F4C0200785A33 /* SDWebImage */ = {
			isa = PBXGroup;
			children = (
				F945A9551D5F4C0200785A33 /* MKAnnotationView+WebCache.h */,
				F945A9561D5F4C0200785A33 /* MKAnnotationView+WebCache.m */,
				F945A9571D5F4C0200785A33 /* NSData+ImageContentType.h */,
				F945A9581D5F4C0200785A33 /* NSData+ImageContentType.m */,
				F945A9591D5F4C0200785A33 /* SDImageCache.h */,
				F945A95A1D5F4C0200785A33 /* SDImageCache.m */,
				F945A95B1D5F4C0200785A33 /* SDWebImageCompat.h */,
				F945A95C1D5F4C0200785A33 /* SDWebImageCompat.m */,
				F945A95D1D5F4C0200785A33 /* SDWebImageDecoder.h */,
				F945A95E1D5F4C0200785A33 /* SDWebImageDecoder.m */,
				F945A95F1D5F4C0200785A33 /* SDWebImageDownloader.h */,
				F945A9601D5F4C0200785A33 /* SDWebImageDownloader.m */,
				F945A9611D5F4C0200785A33 /* SDWebImageDownloaderOperation.h */,
				F945A9621D5F4C0200785A33 /* SDWebImageDownloaderOperation.m */,
				F945A9631D5F4C0200785A33 /* SDWebImageManager.h */,
				F945A9641D5F4C0200785A33 /* SDWebImageManager.m */,
				F945A9651D5F4C0200785A33 /* SDWebImageOperation.h */,
				F945A9661D5F4C0200785A33 /* SDWebImagePrefetcher.h */,
				F945A9671D5F4C0200785A33 /* SDWebImagePrefetcher.m */,
				F945A9681D5F4C0200785A33 /* UIButton+WebCache.h */,
				F945A9691D5F4C0200785A33 /* UIButton+WebCache.m */,
				F945A96A1D5F4C0200785A33 /* UIImage+GIF.h */,
				F945A96B1D5F4C0200785A33 /* UIImage+GIF.m */,
				F945A96C1D5F4C0200785A33 /* UIImage+MultiFormat.h */,
				F945A96D1D5F4C0200785A33 /* UIImage+MultiFormat.m */,
				F945A96E1D5F4C0200785A33 /* UIImage+WebP.h */,
				F945A96F1D5F4C0200785A33 /* UIImage+WebP.m */,
				F945A9701D5F4C0200785A33 /* UIImageView+HighlightedWebCache.h */,
				F945A9711D5F4C0200785A33 /* UIImageView+HighlightedWebCache.m */,
				F945A9721D5F4C0200785A33 /* UIImageView+WebCache.h */,
				F945A9731D5F4C0200785A33 /* UIImageView+WebCache.m */,
				F945A9741D5F4C0200785A33 /* UIView+WebCacheOperation.h */,
				F945A9751D5F4C0200785A33 /* UIView+WebCacheOperation.m */,
			);
			path = SDWebImage;
			sourceTree = "<group>";
		};
		F951287D1D58B91900E61C4A /* Tool */ = {
			isa = PBXGroup;
			children = (
				F951287E1D58B93000E61C4A /* WBAccountTool.h */,
				F951287F1D58B93000E61C4A /* WBAccountTool.m */,
			);
			name = Tool;
			path = "微博/Classes/OAuth授权/Tool";
			sourceTree = SOURCE_ROOT;
		};
		F95AF1E91D2F52C300FE27A5 /* Classes */ = {
			isa = PBXGroup;
			children = (
				F9BC16CD1DC5905F00623C2E /* Compose */,
				F9DC80011D56D87C0005FC19 /* OAuth授权 */,
				F9B4AEF51D3A63020089CF45 /* NewFeature */,
				F9E87F9F1D30F1BD0001662B /* Discover */,
				F9E87FA61D30F1BD0001662B /* Home */,
				F9E87FAD1D30F1BD0001662B /* Main */,
				F9E87FBA1D30F1BD0001662B /* MessageCenter */,
				F9E87FC11D30F1BD0001662B /* Profile */,
				F9E87FC81D30F1BD0001662B /* Temp */,
			);
			name = Classes;
			path = classes;
			sourceTree = "<group>";
		};
		F9B4AEF51D3A63020089CF45 /* NewFeature */ = {
			isa = PBXGroup;
			children = (
				F9B4AEF61D3A63020089CF45 /* Controllers */,
			);
			name = NewFeature;
			path = "微博/Classes/NewFeature";
			sourceTree = SOURCE_ROOT;
		};
		F9B4AEF61D3A63020089CF45 /* Controllers */ = {
			isa = PBXGroup;
			children = (
				F9B4AEF71D3A63310089CF45 /* NewFeatureController.h */,
				F9B4AEF81D3A63310089CF45 /* NewFeatureController.m */,
			);
			path = Controllers;
			sourceTree = "<group>";
		};
		F9BC16CD1DC5905F00623C2E /* Compose */ = {
			isa = PBXGroup;
			children = (
				F9190E2B1DC6CCA9005EC692 /* View */,
				F9BC16CE1DC5906000623C2E /* Controller */,
			);
			name = Compose;
			path = "微博/Classes/Compose";
			sourceTree = SOURCE_ROOT;
		};
		F9BC16CE1DC5906000623C2E /* Controller */ = {
			isa = PBXGroup;
			children = (
				F9BC16CF1DC590A000623C2E /* ComposeViewController.h */,
				F9BC16D01DC590A000623C2E /* ComposeViewController.m */,
			);
			path = Controller;
			sourceTree = "<group>";
		};
		F9DC80011D56D87C0005FC19 /* OAuth授权 */ = {
			isa = PBXGroup;
			children = (
				F951287D1D58B91900E61C4A /* Tool */,
				F9DC801B1D57639D0005FC19 /* Model */,
				F9DC80021D56D87C0005FC19 /* Controller */,
			);
			path = "OAuth授权";
			sourceTree = "<group>";
		};
		F9DC80021D56D87C0005FC19 /* Controller */ = {
			isa = PBXGroup;
			children = (
				F9DC80031D56D8BB0005FC19 /* WBOAuthViewController.h */,
				F9DC80041D56D8BB0005FC19 /* WBOAuthViewController.m */,
			);
			path = Controller;
			sourceTree = "<group>";
		};
		F9DC80061D56F2E50005FC19 /* AFNetworking */ = {
			isa = PBXGroup;
			children = (
				F9DC80071D56F2E50005FC19 /* AFHTTPSessionManager.h */,
				F9DC80081D56F2E50005FC19 /* AFHTTPSessionManager.m */,
				F9DC80091D56F2E50005FC19 /* AFNetworking.h */,
				F9DC800A1D56F2E50005FC19 /* AFNetworkReachabilityManager.h */,
				F9DC800B1D56F2E50005FC19 /* AFNetworkReachabilityManager.m */,
				F9DC800C1D56F2E50005FC19 /* AFSecurityPolicy.h */,
				F9DC800D1D56F2E50005FC19 /* AFSecurityPolicy.m */,
				F9DC800E1D56F2E50005FC19 /* AFURLRequestSerialization.h */,
				F9DC800F1D56F2E50005FC19 /* AFURLRequestSerialization.m */,
				F9DC80101D56F2E50005FC19 /* AFURLResponseSerialization.h */,
				F9DC80111D56F2E50005FC19 /* AFURLResponseSerialization.m */,
				F9DC80121D56F2E50005FC19 /* AFURLSessionManager.h */,
				F9DC80131D56F2E50005FC19 /* AFURLSessionManager.m */,
			);
			path = AFNetworking;
			sourceTree = "<group>";
		};
		F9DC801B1D57639D0005FC19 /* Model */ = {
			isa = PBXGroup;
			children = (
				F9DC801C1D5763BD0005FC19 /* WBAccountModel.h */,
				F9DC801D1D5763BD0005FC19 /* WBAccountModel.m */,
			);
			path = Model;
			sourceTree = "<group>";
		};
		F9DC801F1D5803080005FC19 /* MBProgressHUD */ = {
			isa = PBXGroup;
			children = (
				F9DC80201D5803080005FC19 /* MBProgressHUD+MJ.h */,
				F9DC80211D5803080005FC19 /* MBProgressHUD+MJ.m */,
				F9DC80221D5803080005FC19 /* MBProgressHUD.bundle */,
				F9DC80231D5803080005FC19 /* MBProgressHUD.h */,
				F9DC80241D5803080005FC19 /* MBProgressHUD.m */,
			);
			path = MBProgressHUD;
			sourceTree = "<group>";
		};
		F9E843B41D197ADF001124B2 = {
			isa = PBXGroup;
			children = (
				F9E843BF1D197ADF001124B2 /* 微博 */,
				F9E843D91D197ADF001124B2 /* 微博Tests */,
				F9E843E41D197ADF001124B2 /* 微博UITests */,
				F9E843BE1D197ADF001124B2 /* Products */,
			);
			sourceTree = "<group>";
		};
		F9E843BE1D197ADF001124B2 /* Products */ = {
			isa = PBXGroup;
			children = (
				F9E843BD1D197ADF001124B2 /* 微博.app */,
				F9E843D61D197ADF001124B2 /* 微博Tests.xctest */,
				F9E843E11D197ADF001124B2 /* 微博UITests.xctest */,
			);
			name = Products;
			sourceTree = "<group>";
		};
		F9E843BF1D197ADF001124B2 /* 微博 */ = {
			isa = PBXGroup;
			children = (
				F95AF1E91D2F52C300FE27A5 /* Classes */,
				F9E843C01D197ADF001124B2 /* Supporting Files */,
			);
			path = "微博";
			sourceTree = "<group>";
		};
		F9E843C01D197ADF001124B2 /* Supporting Files */ = {
			isa = PBXGroup;
			children = (
				F9E843CC1D197ADF001124B2 /* Assets.xcassets */,
				F9E843CE1D197ADF001124B2 /* LaunchScreen.storyboard */,
				F9E843D11D197ADF001124B2 /* Info.plist */,
				F9E843C11D197ADF001124B2 /* main.m */,
				F9E87FDE1D32360C0001662B /* WBPrefix.pch */,
			);
			name = "Supporting Files";
			sourceTree = "<group>";
		};
		F9E843D91D197ADF001124B2 /* 微博Tests */ = {
			isa = PBXGroup;
			children = (
				F9E843DA1D197ADF001124B2 /* __Tests.m */,
				F9E843DC1D197ADF001124B2 /* Info.plist */,
			);
			path = "微博Tests";
			sourceTree = "<group>";
		};
		F9E843E41D197ADF001124B2 /* 微博UITests */ = {
			isa = PBXGroup;
			children = (
				F9E843E51D197ADF001124B2 /* __UITests.m */,
				F9E843E71D197ADF001124B2 /* Info.plist */,
			);
			path = "微博UITests";
			sourceTree = "<group>";
		};
		F9E87F9F1D30F1BD0001662B /* Discover */ = {
			isa = PBXGroup;
			children = (
				F9E87FA01D30F1BD0001662B /* Controllers */,
				F9E87FA31D30F1BD0001662B /* Models */,
				F9E87FA41D30F1BD0001662B /* Others */,
				F9E87FA51D30F1BD0001662B /* Views */,
			);
			name = Discover;
			path = "微博/Classes/Discover";
			sourceTree = SOURCE_ROOT;
		};
		F9E87FA01D30F1BD0001662B /* Controllers */ = {
			isa = PBXGroup;
			children = (
				F9E87FA11D30F1BD0001662B /* DiscoverViewController.h */,
				F9E87FA21D30F1BD0001662B /* DiscoverViewController.m */,
			);
			path = Controllers;
			sourceTree = "<group>";
		};
		F9E87FA31D30F1BD0001662B /* Models */ = {
			isa = PBXGroup;
			children = (
			);
			path = Models;
			sourceTree = "<group>";
		};
		F9E87FA41D30F1BD0001662B /* Others */ = {
			isa = PBXGroup;
			children = (
			);
			path = Others;
			sourceTree = "<group>";
		};
		F9E87FA51D30F1BD0001662B /* Views */ = {
			isa = PBXGroup;
			children = (
			);
			path = Views;
			sourceTree = "<group>";
		};
		F9E87FA61D30F1BD0001662B /* Home */ = {
			isa = PBXGroup;
			children = (
				F9E87FA71D30F1BD0001662B /* Controllers */,
				F9E87FAA1D30F1BD0001662B /* Models */,
				F9E87FAB1D30F1BD0001662B /* Others */,
				F9E87FAC1D30F1BD0001662B /* Views */,
			);
			name = Home;
			path = "微博/Classes/Home";
			sourceTree = SOURCE_ROOT;
		};
		F9E87FA71D30F1BD0001662B /* Controllers */ = {
			isa = PBXGroup;
			children = (
				F9E87FA81D30F1BD0001662B /* HomeViewController.h */,
				F9E87FA91D30F1BD0001662B /* HomeViewController.m */,
				F95AE6CA1D3667AE00EF30E2 /* WBTitleMenuViewController.h */,
				F95AE6CB1D3667AE00EF30E2 /* WBTitleMenuViewController.m */,
			);
			path = Controllers;
			sourceTree = "<group>";
		};
		F9E87FAA1D30F1BD0001662B /* Models */ = {
			isa = PBXGroup;
			children = (
				F997001D1D6FAD0B00803B49 /* WBPhotoModel.h */,
				F997001E1D6FAD0B00803B49 /* WBPhotoModel.m */,
				F945A9861D5F4EE000785A33 /* WBUser.h */,
				F945A9871D5F4EE000785A33 /* WBUser.m */,
				F945A9891D5F522B00785A33 /* WBStatus.h */,
				F945A98A1D5F522B00785A33 /* WBStatus.m */,
				F9695D081D69A71800303B6A /* WBStatusFrame.h */,
				F9695D091D69A71800303B6A /* WBStatusFrame.m */,
				F918E38B1D92C7F5001C6D2D /* WBPhoto.h */,
				F918E38C1D92C7F5001C6D2D /* WBPhoto.m */,
			);
			path = Models;
			sourceTree = "<group>";
		};
		F9E87FAB1D30F1BD0001662B /* Others */ = {
			isa = PBXGroup;
			children = (
			);
			path = Others;
			sourceTree = "<group>";
		};
		F9E87FAC1D30F1BD0001662B /* Views */ = {
			isa = PBXGroup;
			children = (
				F9D75DDC1D8D7B9D00FB5DBF /* WBStatusPhotosView.h */,
				F9D75DDD1D8D7B9D00FB5DBF /* WBStatusPhotosView.m */,
				F918E3881D92C716001C6D2D /* WBStatusPhotoView.h */,
				F918E3891D92C716001C6D2D /* WBStatusPhotoView.m */,
				F945A9511D5EFF8200785A33 /* WBTitleButton.h */,
				F945A9521D5EFF8200785A33 /* WBTitleButton.m */,
				F928003B1D65490F00A478E3 /* WBLoadMoreFooter.h */,
				F928003C1D65490F00A478E3 /* WBLoadMoreFooter.m */,
				F928003E1D65493900A478E3 /* WBLoadMoreFooter.xib */,
				F9695D051D699DF600303B6A /* WBStatusCell.h */,
				F9695D061D699DF600303B6A /* WBStatusCell.m */,
				F9426A0C1D7DA7D400076C9A /* WBStatusToolbar.h */,
				F9426A0D1D7DA7D400076C9A /* WBStatusToolbar.m */,
			);
			path = Views;
			sourceTree = "<group>";
		};
		F9E87FAD1D30F1BD0001662B /* Main */ = {
			isa = PBXGroup;
			children = (
				F9E87FAE1D30F1BD0001662B /* Category */,
				F9E87FAF1D30F1BD0001662B /* Controllers */,
				F9E87FB41D30F1BD0001662B /* Lib */,
				F9E87FB51D30F1BD0001662B /* Models */,
				F9E87FB61D30F1BD0001662B /* Others */,
				F9E87FB91D30F1BD0001662B /* Views */,
			);
			name = Main;
			path = "微博/Classes/Main";
			sourceTree = SOURCE_ROOT;
		};
		F9E87FAE1D30F1BD0001662B /* Category */ = {
			isa = PBXGroup;
			children = (
				F9D75DD61D8D6B3300FB5DBF /* NSDate+Extension.h */,
				F9D75DD71D8D6B3300FB5DBF /* NSDate+Extension.m */,
				F945A94C1D5ECABD00785A33 /* Foundation+Log.m */,
				F9E87FDF1D327FC80001662B /* UIView+Extension.h */,
				F9E87FE01D327FC80001662B /* UIView+Extension.m */,
				F9E87FDA1D30F9980001662B /* UIBarButtonItem+Extension.h */,
				F9E87FDB1D30F9980001662B /* UIBarButtonItem+Extension.m */,
				F9AB68451D5957E2006A4D66 /* UIWindow+Extension.h */,
				F9AB68461D5957E2006A4D66 /* UIWindow+Extension.m */,
				F9D75DD91D8D757400FB5DBF /* NSString+Extension.h */,
				F9D75DDA1D8D757400FB5DBF /* NSString+Extension.m */,
			);
			path = Category;
			sourceTree = "<group>";
		};
		F9E87FAF1D30F1BD0001662B /* Controllers */ = {
			isa = PBXGroup;
			children = (
				F9E87FB01D30F1BD0001662B /* WBNaigationController.h */,
				F9E87FB11D30F1BD0001662B /* WBNaigationController.m */,
				F9E87FB21D30F1BD0001662B /* WBTabBarViewController.h */,
				F9E87FB31D30F1BD0001662B /* WBTabBarViewController.m */,
			);
			path = Controllers;
			sourceTree = "<group>";
		};
		F9E87FB41D30F1BD0001662B /* Lib */ = {
			isa = PBXGroup;
			children = (
				F9F736151D5FF01E003C3331 /* MJExtension */,
				F945A9541D5F4C0200785A33 /* SDWebImage */,
				F9DC801F1D5803080005FC19 /* MBProgressHUD */,
				F9DC80061D56F2E50005FC19 /* AFNetworking */,
			);
			path = Lib;
			sourceTree = "<group>";
		};
		F9E87FB51D30F1BD0001662B /* Models */ = {
			isa = PBXGroup;
			children = (
			);
			path = Models;
			sourceTree = "<group>";
		};
		F9E87FB61D30F1BD0001662B /* Others */ = {
			isa = PBXGroup;
			children = (
				F9E87FB71D30F1BD0001662B /* AppDelegate.h */,
				F9E87FB81D30F1BD0001662B /* AppDelegate.m */,
			);
			path = Others;
			sourceTree = "<group>";
		};
		F9E87FB91D30F1BD0001662B /* Views */ = {
			isa = PBXGroup;
			children = (
				F9E87FE21D32880F0001662B /* SearchBar.h */,
				F9E87FE31D32880F0001662B /* SearchBar.m */,
				F95AE6C71D36642E00EF30E2 /* ZLDropDownMenu.h */,
				F95AE6C81D36642E00EF30E2 /* ZLDropDownMenu.m */,
				F95AE6CD1D36720300EF30E2 /* WBTabBar.h */,
				F95AE6CE1D36720300EF30E2 /* WBTabBar.m */,
				F9347F431D980AEF00D4EF0F /* WBIconView.h */,
				F9347F441D980AEF00D4EF0F /* WBIconView.m */,
				F9190E281DC5CA8B005EC692 /* PlaceHolderTextView.h */,
				F9190E291DC5CA8B005EC692 /* PlaceHolderTextView.m */,
			);
			path = Views;
			sourceTree = "<group>";
		};
		F9E87FBA1D30F1BD0001662B /* MessageCenter */ = {
			isa = PBXGroup;
			children = (
				F9E87FBB1D30F1BD0001662B /* Controllers */,
				F9E87FBE1D30F1BD0001662B /* Models */,
				F9E87FBF1D30F1BD0001662B /* Others */,
				F9E87FC01D30F1BD0001662B /* Views */,
			);
			name = MessageCenter;
			path = "微博/Classes/MessageCenter";
			sourceTree = SOURCE_ROOT;
		};
		F9E87FBB1D30F1BD0001662B /* Controllers */ = {
			isa = PBXGroup;
			children = (
				F9E87FBC1D30F1BD0001662B /* MessagerCenterViewController.h */,
				F9E87FBD1D30F1BD0001662B /* MessagerCenterViewController.m */,
			);
			path = Controllers;
			sourceTree = "<group>";
		};
		F9E87FBE1D30F1BD0001662B /* Models */ = {
			isa = PBXGroup;
			children = (
			);
			path = Models;
			sourceTree = "<group>";
		};
		F9E87FBF1D30F1BD0001662B /* Others */ = {
			isa = PBXGroup;
			children = (
			);
			path = Others;
			sourceTree = "<group>";
		};
		F9E87FC01D30F1BD0001662B /* Views */ = {
			isa = PBXGroup;
			children = (
			);
			path = Views;
			sourceTree = "<group>";
		};
		F9E87FC11D30F1BD0001662B /* Profile */ = {
			isa = PBXGroup;
			children = (
				F9E87FC21D30F1BD0001662B /* Controllers */,
				F9E87FC51D30F1BD0001662B /* Models */,
				F9E87FC61D30F1BD0001662B /* Others */,
				F9E87FC71D30F1BD0001662B /* Views */,
			);
			name = Profile;
			path = "微博/Classes/Profile";
			sourceTree = SOURCE_ROOT;
		};
		F9E87FC21D30F1BD0001662B /* Controllers */ = {
			isa = PBXGroup;
			children = (
				F9E87FC31D30F1BD0001662B /* ProfileViewController.h */,
				F9E87FC41D30F1BD0001662B /* ProfileViewController.m */,
			);
			path = Controllers;
			sourceTree = "<group>";
		};
		F9E87FC51D30F1BD0001662B /* Models */ = {
			isa = PBXGroup;
			children = (
			);
			path = Models;
			sourceTree = "<group>";
		};
		F9E87FC61D30F1BD0001662B /* Others */ = {
			isa = PBXGroup;
			children = (
			);
			path = Others;
			sourceTree = "<group>";
		};
		F9E87FC71D30F1BD0001662B /* Views */ = {
			isa = PBXGroup;
			children = (
			);
			path = Views;
			sourceTree = "<group>";
		};
		F9E87FC81D30F1BD0001662B /* Temp */ = {
			isa = PBXGroup;
			children = (
				F9DC801A1D5700E60005FC19 /* OAuthResponserData.h */,
				F9E87FC91D30F1BD0001662B /* Test2ViewController.h */,
				F9E87FCA1D30F1BD0001662B /* Test2ViewController.m */,
				F9E87FCB1D30F1BD0001662B /* Test2ViewController.xib */,
				F9E87FCC1D30F1BD0001662B /* testViewController.h */,
				F9E87FCD1D30F1BD0001662B /* testViewController.m */,
				F9E87FCE1D30F1BD0001662B /* testViewController.xib */,
			);
			name = Temp;
			path = "微博/Classes/Temp";
			sourceTree = SOURCE_ROOT;
		};
		F9F736151D5FF01E003C3331 /* MJExtension */ = {
			isa = PBXGroup;
			children = (
				F9F736161D5FF01E003C3331 /* MJArgument.h */,
				F9F736171D5FF01E003C3331 /* MJArgument.m */,
				F9F736181D5FF01E003C3331 /* MJConst.h */,
				F9F736191D5FF01E003C3331 /* MJConst.m */,
				F9F7361A1D5FF01E003C3331 /* MJExtension.h */,
				F9F7361B1D5FF01E003C3331 /* MJFoundation.h */,
				F9F7361C1D5FF01E003C3331 /* MJFoundation.m */,
				F9F7361D1D5FF01E003C3331 /* MJIvar.h */,
				F9F7361E1D5FF01E003C3331 /* MJIvar.m */,
				F9F7361F1D5FF01E003C3331 /* MJMember.h */,
				F9F736201D5FF01E003C3331 /* MJMember.m */,
				F9F736211D5FF01E003C3331 /* MJMethod.h */,
				F9F736221D5FF01E003C3331 /* MJMethod.m */,
				F9F736231D5FF01E003C3331 /* MJType.h */,
				F9F736241D5FF01E003C3331 /* MJType.m */,
				F9F736251D5FF01E003C3331 /* MJTypeEncoding.h */,
				F9F736261D5FF01E003C3331 /* MJTypeEncoding.m */,
				F9F736271D5FF01E003C3331 /* NSObject+MJCoding.h */,
				F9F736281D5FF01E003C3331 /* NSObject+MJCoding.m */,
				F9F736291D5FF01E003C3331 /* NSObject+MJKeyValue.h */,
				F9F7362A1D5FF01E003C3331 /* NSObject+MJKeyValue.m */,
				F9F7362B1D5FF01E003C3331 /* NSObject+MJMember.h */,
				F9F7362C1D5FF01E003C3331 /* NSObject+MJMember.m */,
			);
			path = MJExtension;
			sourceTree = "<group>";
		};
/* End PBXGroup section */

/* Begin PBXNativeTarget section */
		F9E843BC1D197ADF001124B2 /* 微博 */ = {
			isa = PBXNativeTarget;
			buildConfigurationList = F9E843EA1D197AE0001124B2 /* Build configuration list for PBXNativeTarget "微博" */;
			buildPhases = (
				F9E843B91D197ADF001124B2 /* Sources */,
				F9E843BA1D197ADF001124B2 /* Frameworks */,
				F9E843BB1D197ADF001124B2 /* Resources */,
			);
			buildRules = (
			);
			dependencies = (
			);
			name = "微博";
			productName = "微博";
			productReference = F9E843BD1D197ADF001124B2 /* 微博.app */;
			productType = "com.apple.product-type.application";
		};
		F9E843D51D197ADF001124B2 /* 微博Tests */ = {
			isa = PBXNativeTarget;
			buildConfigurationList = F9E843ED1D197AE0001124B2 /* Build configuration list for PBXNativeTarget "微博Tests" */;
			buildPhases = (
				F9E843D21D197ADF001124B2 /* Sources */,
				F9E843D31D197ADF001124B2 /* Frameworks */,
				F9E843D41D197ADF001124B2 /* Resources */,
			);
			buildRules = (
			);
			dependencies = (
				F9E843D81D197ADF001124B2 /* PBXTargetDependency */,
			);
			name = "微博Tests";
			productName = "微博Tests";
			productReference = F9E843D61D197ADF001124B2 /* 微博Tests.xctest */;
			productType = "com.apple.product-type.bundle.unit-test";
		};
		F9E843E01D197ADF001124B2 /* 微博UITests */ = {
			isa = PBXNativeTarget;
			buildConfigurationList = F9E843F01D197AE0001124B2 /* Build configuration list for PBXNativeTarget "微博UITests" */;
			buildPhases = (
				F9E843DD1D197ADF001124B2 /* Sources */,
				F9E843DE1D197ADF001124B2 /* Frameworks */,
				F9E843DF1D197ADF001124B2 /* Resources */,
			);
			buildRules = (
			);
			dependencies = (
				F9E843E31D197ADF001124B2 /* PBXTargetDependency */,
			);
			name = "微博UITests";
			productName = "微博UITests";
			productReference = F9E843E11D197ADF001124B2 /* 微博UITests.xctest */;
			productType = "com.apple.product-type.bundle.ui-testing";
		};
/* End PBXNativeTarget section */

/* Begin PBXProject section */
		F9E843B51D197ADF001124B2 /* Project object */ = {
			isa = PBXProject;
			attributes = {
				LastUpgradeCheck = 0720;
				ORGANIZATIONNAME = cuit;
				TargetAttributes = {
					F9E843BC1D197ADF001124B2 = {
						CreatedOnToolsVersion = 7.2.1;
						DevelopmentTeam = A44T64982D;
					};
					F9E843D51D197ADF001124B2 = {
						CreatedOnToolsVersion = 7.2.1;
						DevelopmentTeam = A44T64982D;
						TestTargetID = F9E843BC1D197ADF001124B2;
					};
					F9E843E01D197ADF001124B2 = {
						CreatedOnToolsVersion = 7.2.1;
						DevelopmentTeam = A44T64982D;
						TestTargetID = F9E843BC1D197ADF001124B2;
					};
				};
			};
			buildConfigurationList = F9E843B81D197ADF001124B2 /* Build configuration list for PBXProject "微博" */;
			compatibilityVersion = "Xcode 3.2";
			developmentRegion = English;
			hasScannedForEncodings = 0;
			knownRegions = (
				en,
				Base,
			);
			mainGroup = F9E843B41D197ADF001124B2;
			productRefGroup = F9E843BE1D197ADF001124B2 /* Products */;
			projectDirPath = "";
			projectRoot = "";
			targets = (
				F9E843BC1D197ADF001124B2 /* 微博 */,
				F9E843D51D197ADF001124B2 /* 微博Tests */,
				F9E843E01D197ADF001124B2 /* 微博UITests */,
			);
		};
/* End PBXProject section */

/* Begin PBXResourcesBuildPhase section */
		F9E843BB1D197ADF001124B2 /* Resources */ = {
			isa = PBXResourcesBuildPhase;
			buildActionMask = 2147483647;
			files = (
				F928003F1D65493900A478E3 /* WBLoadMoreFooter.xib in Resources */,
				F9E843D01D197ADF001124B2 /* LaunchScreen.storyboard in Resources */,
				F9E87FD71D30F1BD0001662B /* Test2ViewController.xib in Resources */,
				F9DC80261D5803080005FC19 /* MBProgressHUD.bundle in Resources */,
				F9E87FD91D30F1BD0001662B /* testViewController.xib in Resources */,
				F9E843CD1D197ADF001124B2 /* Assets.xcassets in Resources */,
			);
			runOnlyForDeploymentPostprocessing = 0;
		};
		F9E843D41D197ADF001124B2 /* Resources */ = {
			isa = PBXResourcesBuildPhase;
			buildActionMask = 2147483647;
			files = (
			);
			runOnlyForDeploymentPostprocessing = 0;
		};
		F9E843DF1D197ADF001124B2 /* Resources */ = {
			isa = PBXResourcesBuildPhase;
			buildActionMask = 2147483647;
			files = (
			);
			runOnlyForDeploymentPostprocessing = 0;
		};
/* End PBXResourcesBuildPhase section */

/* Begin PBXSourcesBuildPhase section */
		F9E843B91D197ADF001124B2 /* Sources */ = {
			isa = PBXSourcesBuildPhase;
			buildActionMask = 2147483647;
			files = (
				F9695D0A1D69A71800303B6A /* WBStatusFrame.m in Sources */,
				F9E843C21D197ADF001124B2 /* main.m in Sources */,
				F9D75DD81D8D6B3300FB5DBF /* NSDate+Extension.m in Sources */,
				F945A97E1D5F4C0200785A33 /* SDWebImagePrefetcher.m in Sources */,
				F945A9851D5F4C0200785A33 /* UIView+WebCacheOperation.m in Sources */,
				F945A9761D5F4C0200785A33 /* MKAnnotationView+WebCache.m in Sources */,
				F9F736331D5FF01E003C3331 /* MJType.m in Sources */,
				F945A9531D5EFF8200785A33 /* WBTitleButton.m in Sources */,
				F9D75DDB1D8D757400FB5DBF /* NSString+Extension.m in Sources */,
				F9DC80141D56F2E50005FC19 /* AFHTTPSessionManager.m in Sources */,
				F9F736341D5FF01E003C3331 /* MJTypeEncoding.m in Sources */,
				F9DC80151D56F2E50005FC19 /* AFNetworkReachabilityManager.m in Sources */,
				F9F7362F1D5FF01E003C3331 /* MJFoundation.m in Sources */,
				F9E87FD11D30F1BD0001662B /* WBNaigationController.m in Sources */,
				F945A9811D5F4C0200785A33 /* UIImage+MultiFormat.m in Sources */,
				F9AB68471D5957E2006A4D66 /* UIWindow+Extension.m in Sources */,
				F945A98B1D5F522B00785A33 /* WBStatus.m in Sources */,
				F9F7362D1D5FF01E003C3331 /* MJArgument.m in Sources */,
				F9E87FD51D30F1BD0001662B /* ProfileViewController.m in Sources */,
				F95AE6CC1D3667AE00EF30E2 /* WBTitleMenuViewController.m in Sources */,
				F95AE6C91D36642E00EF30E2 /* ZLDropDownMenu.m in Sources */,
				F945A9771D5F4C0200785A33 /* NSData+ImageContentType.m in Sources */,
				F945A9801D5F4C0200785A33 /* UIImage+GIF.m in Sources */,
				F9F736321D5FF01E003C3331 /* MJMethod.m in Sources */,
				F9DC80171D56F2E50005FC19 /* AFURLRequestSerialization.m in Sources */,
				F9F736351D5FF01E003C3331 /* NSObject+MJCoding.m in Sources */,
				F945A97B1D5F4C0200785A33 /* SDWebImageDownloader.m in Sources */,
				F945A9791D5F4C0200785A33 /* SDWebImageCompat.m in Sources */,
				F9DC80161D56F2E50005FC19 /* AFSecurityPolicy.m in Sources */,
				F9F736311D5FF01E003C3331 /* MJMember.m in Sources */,
				F945A9831D5F4C0200785A33 /* UIImageView+HighlightedWebCache.m in Sources */,
				F9DC80191D56F2E50005FC19 /* AFURLSessionManager.m in Sources */,
				F9D75DDE1D8D7B9D00FB5DBF /* WBStatusPhotosView.m in Sources */,
				F9190E2E1DC6CCD9005EC692 /* WBComposeToolBar.m in Sources */,
				F945A94D1D5ECABD00785A33 /* Foundation+Log.m in Sources */,
				F9347F451D980AEF00D4EF0F /* WBIconView.m in Sources */,
				F945A97A1D5F4C0200785A33 /* SDWebImageDecoder.m in Sources */,
				F9E45F181DCA1F0400155DFC /* WBComposePhotosView.m in Sources */,
				F918E38D1D92C7F5001C6D2D /* WBPhoto.m in Sources */,
				F945A97D1D5F4C0200785A33 /* SDWebImageManager.m in Sources */,
				F9DC80051D56D8BB0005FC19 /* WBOAuthViewController.m in Sources */,
				F9BC16D11DC590A000623C2E /* ComposeViewController.m in Sources */,
				F9E87FD61D30F1BD0001662B /* Test2ViewController.m in Sources */,
				F9695D071D699DF600303B6A /* WBStatusCell.m in Sources */,
				F9F736301D5FF01E003C3331 /* MJIvar.m in Sources */,
				F9E87FD81D30F1BD0001662B /* testViewController.m in Sources */,
				F9DC80271D5803080005FC19 /* MBProgressHUD.m in Sources */,
				F945A97C1D5F4C0200785A33 /* SDWebImageDownloaderOperation.m in Sources */,
				F918E38A1D92C716001C6D2D /* WBStatusPhotoView.m in Sources */,
				F9F7362E1D5FF01E003C3331 /* MJConst.m in Sources */,
				F9426A0E1D7DA7D400076C9A /* WBStatusToolbar.m in Sources */,
				F9DC801E1D5763BD0005FC19 /* WBAccountModel.m in Sources */,
				F9E87FD31D30F1BD0001662B /* AppDelegate.m in Sources */,
				F928003D1D65490F00A478E3 /* WBLoadMoreFooter.m in Sources */,
				F9E87FE11D327FC80001662B /* UIView+Extension.m in Sources */,
				F9E87FE41D32880F0001662B /* SearchBar.m in Sources */,
				F95AE6CF1D36720300EF30E2 /* WBTabBar.m in Sources */,
				F9DC80251D5803080005FC19 /* MBProgressHUD+MJ.m in Sources */,
				F9E87FDC1D30F9980001662B /* UIBarButtonItem+Extension.m in Sources */,
				F9190E2A1DC5CA8B005EC692 /* PlaceHolderTextView.m in Sources */,
				F9F736361D5FF01E003C3331 /* NSObject+MJKeyValue.m in Sources */,
				F945A97F1D5F4C0200785A33 /* UIButton+WebCache.m in Sources */,
				F9E87FCF1D30F1BD0001662B /* DiscoverViewController.m in Sources */,
				F9E87FD21D30F1BD0001662B /* WBTabBarViewController.m in Sources */,
				F9E87FD41D30F1BD0001662B /* MessagerCenterViewController.m in Sources */,
				F945A9781D5F4C0200785A33 /* SDImageCache.m in Sources */,
				F9F736371D5FF01E003C3331 /* NSObject+MJMember.m in Sources */,
				F9B4AEF91D3A63310089CF45 /* NewFeatureController.m in Sources */,
				F9E87FD01D30F1BD0001662B /* HomeViewController.m in Sources */,
				F945A9881D5F4EE000785A33 /* WBUser.m in Sources */,
				F95128801D58B93000E61C4A /* WBAccountTool.m in Sources */,
				F9DC80181D56F2E50005FC19 /* AFURLResponseSerialization.m in Sources */,
				F997001F1D6FAD0B00803B49 /* WBPhotoModel.m in Sources */,
				F945A9841D5F4C0200785A33 /* UIImageView+WebCache.m in Sources */,
				F945A9821D5F4C0200785A33 /* UIImage+WebP.m in Sources */,
			);
			runOnlyForDeploymentPostprocessing = 0;
		};
		F9E843D21D197ADF001124B2 /* Sources */ = {
			isa = PBXSourcesBuildPhase;
			buildActionMask = 2147483647;
			files = (
				F9E843DB1D197ADF001124B2 /* __Tests.m in Sources */,
			);
			runOnlyForDeploymentPostprocessing = 0;
		};
		F9E843DD1D197ADF001124B2 /* Sources */ = {
			isa = PBXSourcesBuildPhase;
			buildActionMask = 2147483647;
			files = (
				F9E843E61D197ADF001124B2 /* __UITests.m in Sources */,
			);
			runOnlyForDeploymentPostprocessing = 0;
		};
/* End PBXSourcesBuildPhase section */

/* Begin PBXTargetDependency section */
		F9E843D81D197ADF001124B2 /* PBXTargetDependency */ = {
			isa = PBXTargetDependency;
			target = F9E843BC1D197ADF001124B2 /* 微博 */;
			targetProxy = F9E843D71D197ADF001124B2 /* PBXContainerItemProxy */;
		};
		F9E843E31D197ADF001124B2 /* PBXTargetDependency */ = {
			isa = PBXTargetDependency;
			target = F9E843BC1D197ADF001124B2 /* 微博 */;
			targetProxy = F9E843E21D197ADF001124B2 /* PBXContainerItemProxy */;
		};
/* End PBXTargetDependency section */

/* Begin PBXVariantGroup section */
		F9E843CE1D197ADF001124B2 /* LaunchScreen.storyboard */ = {
			isa = PBXVariantGroup;
			children = (
				F9E843CF1D197ADF001124B2 /* Base */,
			);
			name = LaunchScreen.storyboard;
			sourceTree = "<group>";
		};
/* End PBXVariantGroup section */

/* Begin XCBuildConfiguration section */
		F9E843E81D197AE0001124B2 /* Debug */ = {
			isa = XCBuildConfiguration;
			buildSettings = {
				ALWAYS_SEARCH_USER_PATHS = NO;
				CLANG_CXX_LANGUAGE_STANDARD = "gnu++0x";
				CLANG_CXX_LIBRARY = "libc++";
				CLANG_ENABLE_MODULES = YES;
				CLANG_ENABLE_OBJC_ARC = YES;
				CLANG_WARN_BOOL_CONVERSION = YES;
				CLANG_WARN_CONSTANT_CONVERSION = YES;
				CLANG_WARN_DIRECT_OBJC_ISA_USAGE = YES_ERROR;
				CLANG_WARN_EMPTY_BODY = YES;
				CLANG_WARN_ENUM_CONVERSION = YES;
				CLANG_WARN_INT_CONVERSION = YES;
				CLANG_WARN_OBJC_ROOT_CLASS = YES_ERROR;
				CLANG_WARN_UNREACHABLE_CODE = YES;
				CLANG_WARN__DUPLICATE_METHOD_MATCH = YES;
				"CODE_SIGN_IDENTITY[sdk=iphoneos*]" = "iPhone Developer";
				COPY_PHASE_STRIP = NO;
				DEBUG_INFORMATION_FORMAT = dwarf;
				ENABLE_STRICT_OBJC_MSGSEND = YES;
				ENABLE_TESTABILITY = YES;
				GCC_C_LANGUAGE_STANDARD = gnu99;
				GCC_DYNAMIC_NO_PIC = NO;
				GCC_NO_COMMON_BLOCKS = YES;
				GCC_OPTIMIZATION_LEVEL = 0;
				GCC_PREPROCESSOR_DEFINITIONS = (
					"DEBUG=1",
					"$(inherited)",
				);
				GCC_WARN_64_TO_32_BIT_CONVERSION = YES;
				GCC_WARN_ABOUT_RETURN_TYPE = YES_ERROR;
				GCC_WARN_UNDECLARED_SELECTOR = YES;
				GCC_WARN_UNINITIALIZED_AUTOS = YES_AGGRESSIVE;
				GCC_WARN_UNUSED_FUNCTION = YES;
				GCC_WARN_UNUSED_VARIABLE = YES;
				IPHONEOS_DEPLOYMENT_TARGET = 9.2;
				MTL_ENABLE_DEBUG_INFO = YES;
				ONLY_ACTIVE_ARCH = YES;
				SDKROOT = iphoneos;
			};
			name = Debug;
		};
		F9E843E91D197AE0001124B2 /* Release */ = {
			isa = XCBuildConfiguration;
			buildSettings = {
				ALWAYS_SEARCH_USER_PATHS = NO;
				CLANG_CXX_LANGUAGE_STANDARD = "gnu++0x";
				CLANG_CXX_LIBRARY = "libc++";
				CLANG_ENABLE_MODULES = YES;
				CLANG_ENABLE_OBJC_ARC = YES;
				CLANG_WARN_BOOL_CONVERSION = YES;
				CLANG_WARN_CONSTANT_CONVERSION = YES;
				CLANG_WARN_DIRECT_OBJC_ISA_USAGE = YES_ERROR;
				CLANG_WARN_EMPTY_BODY = YES;
				CLANG_WARN_ENUM_CONVERSION = YES;
				CLANG_WARN_INT_CONVERSION = YES;
				CLANG_WARN_OBJC_ROOT_CLASS = YES_ERROR;
				CLANG_WARN_UNREACHABLE_CODE = YES;
				CLANG_WARN__DUPLICATE_METHOD_MATCH = YES;
				"CODE_SIGN_IDENTITY[sdk=iphoneos*]" = "iPhone Developer";
				COPY_PHASE_STRIP = NO;
				DEBUG_INFORMATION_FORMAT = "dwarf-with-dsym";
				ENABLE_NS_ASSERTIONS = NO;
				ENABLE_STRICT_OBJC_MSGSEND = YES;
				GCC_C_LANGUAGE_STANDARD = gnu99;
				GCC_NO_COMMON_BLOCKS = YES;
				GCC_WARN_64_TO_32_BIT_CONVERSION = YES;
				GCC_WARN_ABOUT_RETURN_TYPE = YES_ERROR;
				GCC_WARN_UNDECLARED_SELECTOR = YES;
				GCC_WARN_UNINITIALIZED_AUTOS = YES_AGGRESSIVE;
				GCC_WARN_UNUSED_FUNCTION = YES;
				GCC_WARN_UNUSED_VARIABLE = YES;
				IPHONEOS_DEPLOYMENT_TARGET = 9.2;
				MTL_ENABLE_DEBUG_INFO = NO;
				SDKROOT = iphoneos;
				VALIDATE_PRODUCT = YES;
			};
			name = Release;
		};
		F9E843EB1D197AE0001124B2 /* Debug */ = {
			isa = XCBuildConfiguration;
			buildSettings = {
				ASSETCATALOG_COMPILER_APPICON_NAME = AppIcon;
				CODE_SIGN_IDENTITY = "iPhone Developer";
				"CODE_SIGN_IDENTITY[sdk=iphoneos*]" = "iPhone Developer";
				GCC_PRECOMPILE_PREFIX_HEADER = YES;
				GCC_PREFIX_HEADER = "$(SRCROOT)/微博/WBPrefix.pch";
				INFOPLIST_FILE = "微博/Info.plist";
				LD_RUNPATH_SEARCH_PATHS = "$(inherited) @executable_path/Frameworks";
				PRODUCT_BUNDLE_IDENTIFIER = "cn.edu.cuit.--";
				PRODUCT_NAME = "$(TARGET_NAME)";
				PROVISIONING_PROFILE = "";
				TARGETED_DEVICE_FAMILY = 1;
			};
			name = Debug;
		};
		F9E843EC1D197AE0001124B2 /* Release */ = {
			isa = XCBuildConfiguration;
			buildSettings = {
				ASSETCATALOG_COMPILER_APPICON_NAME = AppIcon;
				CODE_SIGN_IDENTITY = "iPhone Developer";
				"CODE_SIGN_IDENTITY[sdk=iphoneos*]" = "iPhone Developer";
				GCC_PRECOMPILE_PREFIX_HEADER = YES;
				GCC_PREFIX_HEADER = "$(SRCROOT)/微博/WBPrefix.pch";
				INFOPLIST_FILE = "微博/Info.plist";
				LD_RUNPATH_SEARCH_PATHS = "$(inherited) @executable_path/Frameworks";
				PRODUCT_BUNDLE_IDENTIFIER = "cn.edu.cuit.--";
				PRODUCT_NAME = "$(TARGET_NAME)";
				PROVISIONING_PROFILE = "";
				TARGETED_DEVICE_FAMILY = 1;
			};
			name = Release;
		};
		F9E843EE1D197AE0001124B2 /* Debug */ = {
			isa = XCBuildConfiguration;
			buildSettings = {
				BUNDLE_LOADER = "$(TEST_HOST)";
				INFOPLIST_FILE = "微博Tests/Info.plist";
				LD_RUNPATH_SEARCH_PATHS = "$(inherited) @executable_path/Frameworks @loader_path/Frameworks";
				PRODUCT_BUNDLE_IDENTIFIER = "cn.edu.cuit.--Tests";
				PRODUCT_NAME = "$(TARGET_NAME)";
				TEST_HOST = "$(BUILT_PRODUCTS_DIR)/微博.app/微博";
			};
			name = Debug;
		};
		F9E843EF1D197AE0001124B2 /* Release */ = {
			isa = XCBuildConfiguration;
			buildSettings = {
				BUNDLE_LOADER = "$(TEST_HOST)";
				INFOPLIST_FILE = "微博Tests/Info.plist";
				LD_RUNPATH_SEARCH_PATHS = "$(inherited) @executable_path/Frameworks @loader_path/Frameworks";
				PRODUCT_BUNDLE_IDENTIFIER = "cn.edu.cuit.--Tests";
				PRODUCT_NAME = "$(TARGET_NAME)";
				TEST_HOST = "$(BUILT_PRODUCTS_DIR)/微博.app/微博";
			};
			name = Release;
		};
		F9E843F11D197AE0001124B2 /* Debug */ = {
			isa = XCBuildConfiguration;
			buildSettings = {
				INFOPLIST_FILE = "微博UITests/Info.plist";
				LD_RUNPATH_SEARCH_PATHS = "$(inherited) @executable_path/Frameworks @loader_path/Frameworks";
				PRODUCT_BUNDLE_IDENTIFIER = "cn.edu.cuit.--UITests";
				PRODUCT_NAME = "$(TARGET_NAME)";
				TEST_TARGET_NAME = "微博";
				USES_XCTRUNNER = YES;
			};
			name = Debug;
		};
		F9E843F21D197AE0001124B2 /* Release */ = {
			isa = XCBuildConfiguration;
			buildSettings = {
				INFOPLIST_FILE = "微博UITests/Info.plist";
				LD_RUNPATH_SEARCH_PATHS = "$(inherited) @executable_path/Frameworks @loader_path/Frameworks";
				PRODUCT_BUNDLE_IDENTIFIER = "cn.edu.cuit.--UITests";
				PRODUCT_NAME = "$(TARGET_NAME)";
				TEST_TARGET_NAME = "微博";
				USES_XCTRUNNER = YES;
			};
			name = Release;
		};
/* End XCBuildConfiguration section */

/* Begin XCConfigurationList section */
		F9E843B81D197ADF001124B2 /* Build configuration list for PBXProject "微博" */ = {
			isa = XCConfigurationList;
			buildConfigurations = (
				F9E843E81D197AE0001124B2 /* Debug */,
				F9E843E91D197AE0001124B2 /* Release */,
			);
			defaultConfigurationIsVisible = 0;
			defaultConfigurationName = Release;
		};
		F9E843EA1D197AE0001124B2 /* Build configuration list for PBXNativeTarget "微博" */ = {
			isa = XCConfigurationList;
			buildConfigurations = (
				F9E843EB1D197AE0001124B2 /* Debug */,
				F9E843EC1D197AE0001124B2 /* Release */,
			);
			defaultConfigurationIsVisible = 0;
			defaultConfigurationName = Release;
		};
		F9E843ED1D197AE0001124B2 /* Build configuration list for PBXNativeTarget "微博Tests" */ = {
			isa = XCConfigurationList;
			buildConfigurations = (
				F9E843EE1D197AE0001124B2 /* Debug */,
				F9E843EF1D197AE0001124B2 /* Release */,
			);
			defaultConfigurationIsVisible = 0;
			defaultConfigurationName = Release;
		};
		F9E843F01D197AE0001124B2 /* Build configuration list for PBXNativeTarget "微博UITests" */ = {
			isa = XCConfigurationList;
			buildConfigurations = (
				F9E843F11D197AE0001124B2 /* Debug */,
				F9E843F21D197AE0001124B2 /* Release */,
			);
			defaultConfigurationIsVisible = 0;
			defaultConfigurationName = Release;
		};
/* End XCConfigurationList section */
	};
	rootObject = F9E843B51D197ADF001124B2 /* Project object */;
}
